{
  "originHash" : "1ec685d27a84c49c67d8ed572df27602b3ff131cede7880b853cef2bde046d2a",
  "pins" : [
    {
      "identity" : "loginservicekit",
      "kind" : "remoteSourceControl",
      "location" : "https://github.com/Clipy/LoginServiceKit",
      "state" : {
        "branch" : "master",
        "revision" : "56dce9dbf4367c1445ef2343a2a912bbe5019a6c"
      }
    }
  ],
  "version" : 3
}
