// !$*UTF8*$!
{
	archiveVersion = 1;
	classes = {
	};
	objectVersion = 51;
	objects = {

/* Begin PBXBuildFile section */
		A34BB46F3EBC83AA782B6A38 /* Pods_AirpodsPro_Battery.framework in Frameworks */ = {isa = PBXBuildFile; fileRef = 4BAECABB81B19FB3F4F3624E /* Pods_AirpodsPro_Battery.framework */; };
		EB367CE7250B8BDC00E890FF /* mapmac.txt in Resources */ = {isa = PBXBuildFile; fileRef = EB367CE6250B8BDC00E890FF /* mapmac.txt */; };
		EB5874E5239E19F7005C6E04 /* ScriptsHandler.swift in Sources */ = {isa = PBXBuildFile; fileRef = EB5874E4239E19F7005C6E04 /* ScriptsHandler.swift */; };
		EB8CF6B123A2154900C59492 /* PrefsPersistanceManager.swift in Sources */ = {isa = PBXBuildFile; fileRef = EB8CF6B023A2154900C59492 /* PrefsPersistanceManager.swift */; };
		EB8E8E34238DA65C00EBC5ED /* battery-airpods.sh in Resources */ = {isa = PBXBuildFile; fileRef = EB8E8E33238DA65C00EBC5ED /* battery-airpods.sh */; };
		EB8E8E38238DBDD800EBC5ED /* BashExecutor.swift in Sources */ = {isa = PBXBuildFile; fileRef = EB8E8E37238DBDD800EBC5ED /* BashExecutor.swift */; };
		EB925B5C23A8CCB500E8950C /* apple-devices-verification.sh in Resources */ = {isa = PBXBuildFile; fileRef = EB925B5B23A8CCB500E8950C /* apple-devices-verification.sh */; };
		EB925B5E23A8D1F400E8950C /* BluetoothAirpodsBatteryManagementProtocol.swift in Sources */ = {isa = PBXBuildFile; fileRef = EB925B5D23A8D1F400E8950C /* BluetoothAirpodsBatteryManagementProtocol.swift */; };
		EBA1C26E23CE450E00B1BE68 /* Airpods_Battery_MonitorTests.swift in Sources */ = {isa = PBXBuildFile; fileRef = EBA1C26D23CE450E00B1BE68 /* Airpods_Battery_MonitorTests.swift */; };
		EBC7AD3F2386769700A53E83 /* AppDelegate.swift in Sources */ = {isa = PBXBuildFile; fileRef = EBC7AD3E2386769700A53E83 /* AppDelegate.swift */; };
		EBC7AD412386769700A53E83 /* StatusMenuController.swift in Sources */ = {isa = PBXBuildFile; fileRef = EBC7AD402386769700A53E83 /* StatusMenuController.swift */; };
		EBC7AD432386769900A53E83 /* Assets.xcassets in Resources */ = {isa = PBXBuildFile; fileRef = EBC7AD422386769900A53E83 /* Assets.xcassets */; };
		EBC7AD4F2386776000A53E83 /* String+Localized.swift in Sources */ = {isa = PBXBuildFile; fileRef = EBC7AD4E2386776000A53E83 /* String+Localized.swift */; };
		EBC7AD512386791E00A53E83 /* MainMenu.xib in Resources */ = {isa = PBXBuildFile; fileRef = EBC7AD502386791E00A53E83 /* MainMenu.xib */; };
		EBC7AD5323867CF400A53E83 /* BatteryView.swift in Sources */ = {isa = PBXBuildFile; fileRef = EBC7AD5223867CF400A53E83 /* BatteryView.swift */; };
		EBC7AD5923867D9400A53E83 /* JCGGProgressBar.swift in Sources */ = {isa = PBXBuildFile; fileRef = EBC7AD5823867D9400A53E83 /* JCGGProgressBar.swift */; };
		EBC7AD602387D71E00A53E83 /* Localizable.strings in Resources */ = {isa = PBXBuildFile; fileRef = EBC7AD622387D71E00A53E83 /* Localizable.strings */; };
		EBFE03A323A36339006095DB /* AboutWindow.swift in Sources */ = {isa = PBXBuildFile; fileRef = EBFE03A123A36339006095DB /* AboutWindow.swift */; };
		EBFE03A423A36339006095DB /* AboutWindow.xib in Resources */ = {isa = PBXBuildFile; fileRef = EBFE03A223A36339006095DB /* AboutWindow.xib */; };
		EBFE03A623A36356006095DB /* Bundle+Versioning.swift in Sources */ = {isa = PBXBuildFile; fileRef = EBFE03A523A36356006095DB /* Bundle+Versioning.swift */; };
		EBFE03A823A36401006095DB /* CreditsWindow.swift in Sources */ = {isa = PBXBuildFile; fileRef = EBFE03A723A36401006095DB /* CreditsWindow.swift */; };
		EBFE03AA23A3644B006095DB /* CreditsWindow.xib in Resources */ = {isa = PBXBuildFile; fileRef = EBFE03A923A3644B006095DB /* CreditsWindow.xib */; };
		EBFE03AD23A374F0006095DB /* AirPodsBatteryViewModel.swift in Sources */ = {isa = PBXBuildFile; fileRef = EBFE03AC23A374F0006095DB /* AirPodsBatteryViewModel.swift */; };
		EBFE03DC23A4AC62006095DB /* AlertUtil.swift in Sources */ = {isa = PBXBuildFile; fileRef = EBFE03DB23A4AC62006095DB /* AlertUtil.swift */; };
/* End PBXBuildFile section */

/* Begin PBXContainerItemProxy section */
		EBA1C27023CE450E00B1BE68 /* PBXContainerItemProxy */ = {
			isa = PBXContainerItemProxy;
			containerPortal = EBC7AD332386769700A53E83 /* Project object */;
			proxyType = 1;
			remoteGlobalIDString = EBC7AD3A2386769700A53E83;
			remoteInfo = "AirpodsPro Battery";
		};
/* End PBXContainerItemProxy section */

/* Begin PBXFileReference section */
		1005E2DA5B1F46CCF07ED9B3 /* Pods-AirpodsPro Battery.release.xcconfig */ = {isa = PBXFileReference; includeInIndex = 1; lastKnownFileType = text.xcconfig; name = "Pods-AirpodsPro Battery.release.xcconfig"; path = "Target Support Files/Pods-AirpodsPro Battery/Pods-AirpodsPro Battery.release.xcconfig"; sourceTree = "<group>"; };
		4BAECABB81B19FB3F4F3624E /* Pods_AirpodsPro_Battery.framework */ = {isa = PBXFileReference; explicitFileType = wrapper.framework; includeInIndex = 0; path = Pods_AirpodsPro_Battery.framework; sourceTree = BUILT_PRODUCTS_DIR; };
		4CD417C15AE3C9D3617883FB /* Pods-AirpodsPro Battery.debug.xcconfig */ = {isa = PBXFileReference; includeInIndex = 1; lastKnownFileType = text.xcconfig; name = "Pods-AirpodsPro Battery.debug.xcconfig"; path = "Target Support Files/Pods-AirpodsPro Battery/Pods-AirpodsPro Battery.debug.xcconfig"; sourceTree = "<group>"; };
		EB367CE6250B8BDC00E890FF /* mapmac.txt */ = {isa = PBXFileReference; fileEncoding = 4; lastKnownFileType = text; path = mapmac.txt; sourceTree = "<group>"; };
		EB5874E4239E19F7005C6E04 /* ScriptsHandler.swift */ = {isa = PBXFileReference; lastKnownFileType = sourcecode.swift; path = ScriptsHandler.swift; sourceTree = "<group>"; };
		EB8CF6B023A2154900C59492 /* PrefsPersistanceManager.swift */ = {isa = PBXFileReference; lastKnownFileType = sourcecode.swift; path = PrefsPersistanceManager.swift; sourceTree = "<group>"; };
		EB8E8E33238DA65C00EBC5ED /* battery-airpods.sh */ = {isa = PBXFileReference; lastKnownFileType = text.script.sh; path = "battery-airpods.sh"; sourceTree = "<group>"; };
		EB8E8E37238DBDD800EBC5ED /* BashExecutor.swift */ = {isa = PBXFileReference; lastKnownFileType = sourcecode.swift; path = BashExecutor.swift; sourceTree = "<group>"; };
		EB925B5B23A8CCB500E8950C /* apple-devices-verification.sh */ = {isa = PBXFileReference; lastKnownFileType = text.script.sh; path = "apple-devices-verification.sh"; sourceTree = "<group>"; };
		EB925B5D23A8D1F400E8950C /* BluetoothAirpodsBatteryManagementProtocol.swift */ = {isa = PBXFileReference; lastKnownFileType = sourcecode.swift; path = BluetoothAirpodsBatteryManagementProtocol.swift; sourceTree = "<group>"; };
		EBA1C26B23CE450E00B1BE68 /* Airpods Battery MonitorTests.xctest */ = {isa = PBXFileReference; explicitFileType = wrapper.cfbundle; includeInIndex = 0; path = "Airpods Battery MonitorTests.xctest"; sourceTree = BUILT_PRODUCTS_DIR; };
		EBA1C26D23CE450E00B1BE68 /* Airpods_Battery_MonitorTests.swift */ = {isa = PBXFileReference; lastKnownFileType = sourcecode.swift; path = Airpods_Battery_MonitorTests.swift; sourceTree = "<group>"; };
		EBA1C26F23CE450E00B1BE68 /* Info.plist */ = {isa = PBXFileReference; lastKnownFileType = text.plist.xml; path = Info.plist; sourceTree = "<group>"; };
		EBC7AD3B2386769700A53E83 /* Airpods Battery Monitor.app */ = {isa = PBXFileReference; explicitFileType = wrapper.application; includeInIndex = 0; path = "Airpods Battery Monitor.app"; sourceTree = BUILT_PRODUCTS_DIR; };
		EBC7AD3E2386769700A53E83 /* AppDelegate.swift */ = {isa = PBXFileReference; lastKnownFileType = sourcecode.swift; path = AppDelegate.swift; sourceTree = "<group>"; };
		EBC7AD402386769700A53E83 /* StatusMenuController.swift */ = {isa = PBXFileReference; lastKnownFileType = sourcecode.swift; path = StatusMenuController.swift; sourceTree = "<group>"; };
		EBC7AD422386769900A53E83 /* Assets.xcassets */ = {isa = PBXFileReference; lastKnownFileType = folder.assetcatalog; path = Assets.xcassets; sourceTree = "<group>"; };
		EBC7AD472386769900A53E83 /* Info.plist */ = {isa = PBXFileReference; lastKnownFileType = text.plist.xml; path = Info.plist; sourceTree = "<group>"; };
		EBC7AD482386769900A53E83 /* AirpodsPro_Battery.entitlements */ = {isa = PBXFileReference; lastKnownFileType = text.plist.entitlements; path = AirpodsPro_Battery.entitlements; sourceTree = "<group>"; };
		EBC7AD4E2386776000A53E83 /* String+Localized.swift */ = {isa = PBXFileReference; lastKnownFileType = sourcecode.swift; path = "String+Localized.swift"; sourceTree = "<group>"; };
		EBC7AD502386791E00A53E83 /* MainMenu.xib */ = {isa = PBXFileReference; fileEncoding = 4; lastKnownFileType = file.xib; path = MainMenu.xib; sourceTree = "<group>"; };
		EBC7AD5223867CF400A53E83 /* BatteryView.swift */ = {isa = PBXFileReference; lastKnownFileType = sourcecode.swift; path = BatteryView.swift; sourceTree = "<group>"; };
		EBC7AD5823867D9400A53E83 /* JCGGProgressBar.swift */ = {isa = PBXFileReference; fileEncoding = 4; lastKnownFileType = sourcecode.swift; path = JCGGProgressBar.swift; sourceTree = "<group>"; };
		EBC7AD612387D71E00A53E83 /* en */ = {isa = PBXFileReference; lastKnownFileType = text.plist.strings; name = en; path = en.lproj/Localizable.strings; sourceTree = "<group>"; };
		EBF6CCEE23B80F7200E82B2C /* fr */ = {isa = PBXFileReference; lastKnownFileType = text.plist.strings; name = fr; path = fr.lproj/Localizable.strings; sourceTree = "<group>"; };
		EBFE03A123A36339006095DB /* AboutWindow.swift */ = {isa = PBXFileReference; fileEncoding = 4; lastKnownFileType = sourcecode.swift; path = AboutWindow.swift; sourceTree = "<group>"; };
		EBFE03A223A36339006095DB /* AboutWindow.xib */ = {isa = PBXFileReference; fileEncoding = 4; lastKnownFileType = file.xib; path = AboutWindow.xib; sourceTree = "<group>"; };
		EBFE03A523A36356006095DB /* Bundle+Versioning.swift */ = {isa = PBXFileReference; lastKnownFileType = sourcecode.swift; path = "Bundle+Versioning.swift"; sourceTree = "<group>"; };
		EBFE03A723A36401006095DB /* CreditsWindow.swift */ = {isa = PBXFileReference; lastKnownFileType = sourcecode.swift; path = CreditsWindow.swift; sourceTree = "<group>"; };
		EBFE03A923A3644B006095DB /* CreditsWindow.xib */ = {isa = PBXFileReference; lastKnownFileType = file.xib; path = CreditsWindow.xib; sourceTree = "<group>"; };
		EBFE03AC23A374F0006095DB /* AirPodsBatteryViewModel.swift */ = {isa = PBXFileReference; lastKnownFileType = sourcecode.swift; path = AirPodsBatteryViewModel.swift; sourceTree = "<group>"; };
		EBFE03DB23A4AC62006095DB /* AlertUtil.swift */ = {isa = PBXFileReference; lastKnownFileType = sourcecode.swift; path = AlertUtil.swift; sourceTree = "<group>"; };
/* End PBXFileReference section */

/* Begin PBXFrameworksBuildPhase section */
		EBA1C26823CE450E00B1BE68 /* Frameworks */ = {
			isa = PBXFrameworksBuildPhase;
			buildActionMask = 2147483647;
			files = (
			);
			runOnlyForDeploymentPostprocessing = 0;
		};
		EBC7AD382386769700A53E83 /* Frameworks */ = {
			isa = PBXFrameworksBuildPhase;
			buildActionMask = 2147483647;
			files = (
				A34BB46F3EBC83AA782B6A38 /* Pods_AirpodsPro_Battery.framework in Frameworks */,
			);
			runOnlyForDeploymentPostprocessing = 0;
		};
/* End PBXFrameworksBuildPhase section */

/* Begin PBXGroup section */
		0934EA61DB65303CC7153D08 /* Pods */ = {
			isa = PBXGroup;
			children = (
				4CD417C15AE3C9D3617883FB /* Pods-AirpodsPro Battery.debug.xcconfig */,
				1005E2DA5B1F46CCF07ED9B3 /* Pods-AirpodsPro Battery.release.xcconfig */,
			);
			path = Pods;
			sourceTree = "<group>";
		};
		9BB432FC310C592562BB9CB4 /* Frameworks */ = {
			isa = PBXGroup;
			children = (
				4BAECABB81B19FB3F4F3624E /* Pods_AirpodsPro_Battery.framework */,
			);
			name = Frameworks;
			sourceTree = "<group>";
		};
		EBA1C26C23CE450E00B1BE68 /* Airpods Battery MonitorTests */ = {
			isa = PBXGroup;
			children = (
				EBA1C26D23CE450E00B1BE68 /* Airpods_Battery_MonitorTests.swift */,
				EBA1C26F23CE450E00B1BE68 /* Info.plist */,
			);
			path = "Airpods Battery MonitorTests";
			sourceTree = "<group>";
		};
		EBC7AD322386769700A53E83 = {
			isa = PBXGroup;
			children = (
				EBC7AD3D2386769700A53E83 /* AirpodsPro Battery */,
				EBA1C26C23CE450E00B1BE68 /* Airpods Battery MonitorTests */,
				EBC7AD3C2386769700A53E83 /* Products */,
				0934EA61DB65303CC7153D08 /* Pods */,
				9BB432FC310C592562BB9CB4 /* Frameworks */,
			);
			sourceTree = "<group>";
		};
		EBC7AD3C2386769700A53E83 /* Products */ = {
			isa = PBXGroup;
			children = (
				EBC7AD3B2386769700A53E83 /* Airpods Battery Monitor.app */,
				EBA1C26B23CE450E00B1BE68 /* Airpods Battery MonitorTests.xctest */,
			);
			name = Products;
			sourceTree = "<group>";
		};
		EBC7AD3D2386769700A53E83 /* AirpodsPro Battery */ = {
			isa = PBXGroup;
			children = (
				EBFE03DA23A4AC52006095DB /* Utils */,
				EBFE03AB23A374E0006095DB /* ViewModel */,
				EBC7AD682387E09200A53E83 /* Services */,
				EBC7AD662387DF3300A53E83 /* Views */,
				EBC7AD652387DF2300A53E83 /* Extensions */,
				EBC7AD642387DF1800A53E83 /* Controllers */,
				EBC7AD632387DD7900A53E83 /* Model */,
				EBC7AD672387DF6100A53E83 /* Resources */,
				EBC7AD422386769900A53E83 /* Assets.xcassets */,
				EBC7AD472386769900A53E83 /* Info.plist */,
				EBC7AD482386769900A53E83 /* AirpodsPro_Battery.entitlements */,
				EBC7AD622387D71E00A53E83 /* Localizable.strings */,
			);
			path = "AirpodsPro Battery";
			sourceTree = "<group>";
		};
		EBC7AD632387DD7900A53E83 /* Model */ = {
			isa = PBXGroup;
			children = (
				EB8E8E37238DBDD800EBC5ED /* BashExecutor.swift */,
				EB5874E4239E19F7005C6E04 /* ScriptsHandler.swift */,
			);
			path = Model;
			sourceTree = "<group>";
		};
		EBC7AD642387DF1800A53E83 /* Controllers */ = {
			isa = PBXGroup;
			children = (
				EBC7AD3E2386769700A53E83 /* AppDelegate.swift */,
				EBC7AD402386769700A53E83 /* StatusMenuController.swift */,
			);
			path = Controllers;
			sourceTree = "<group>";
		};
		EBC7AD652387DF2300A53E83 /* Extensions */ = {
			isa = PBXGroup;
			children = (
				EBC7AD4E2386776000A53E83 /* String+Localized.swift */,
				EBFE03A523A36356006095DB /* Bundle+Versioning.swift */,
			);
			path = Extensions;
			sourceTree = "<group>";
		};
		EBC7AD662387DF3300A53E83 /* Views */ = {
			isa = PBXGroup;
			children = (
				EBC7AD502386791E00A53E83 /* MainMenu.xib */,
				EBC7AD5223867CF400A53E83 /* BatteryView.swift */,
				EBC7AD5823867D9400A53E83 /* JCGGProgressBar.swift */,
				EBFE03A123A36339006095DB /* AboutWindow.swift */,
				EBFE03A223A36339006095DB /* AboutWindow.xib */,
				EBFE03A723A36401006095DB /* CreditsWindow.swift */,
				EBFE03A923A3644B006095DB /* CreditsWindow.xib */,
			);
			path = Views;
			sourceTree = "<group>";
		};
		EBC7AD672387DF6100A53E83 /* Resources */ = {
			isa = PBXGroup;
			children = (
				EB367CE6250B8BDC00E890FF /* mapmac.txt */,
				EB8E8E33238DA65C00EBC5ED /* battery-airpods.sh */,
				EB925B5B23A8CCB500E8950C /* apple-devices-verification.sh */,
			);
			path = Resources;
			sourceTree = "<group>";
		};
		EBC7AD682387E09200A53E83 /* Services */ = {
			isa = PBXGroup;
			children = (
				EB8CF6B023A2154900C59492 /* PrefsPersistanceManager.swift */,
			);
			path = Services;
			sourceTree = "<group>";
		};
		EBFE03AB23A374E0006095DB /* ViewModel */ = {
			isa = PBXGroup;
			children = (
				EBFE03AC23A374F0006095DB /* AirPodsBatteryViewModel.swift */,
				EB925B5D23A8D1F400E8950C /* BluetoothAirpodsBatteryManagementProtocol.swift */,
			);
			path = ViewModel;
			sourceTree = "<group>";
		};
		EBFE03DA23A4AC52006095DB /* Utils */ = {
			isa = PBXGroup;
			children = (
				EBFE03DB23A4AC62006095DB /* AlertUtil.swift */,
			);
			path = Utils;
			sourceTree = "<group>";
		};
/* End PBXGroup section */

/* Begin PBXNativeTarget section */
		EBA1C26A23CE450E00B1BE68 /* Airpods Battery MonitorTests */ = {
			isa = PBXNativeTarget;
			buildConfigurationList = EBA1C27423CE450E00B1BE68 /* Build configuration list for PBXNativeTarget "Airpods Battery MonitorTests" */;
			buildPhases = (
				EBA1C26723CE450E00B1BE68 /* Sources */,
				EBA1C26823CE450E00B1BE68 /* Frameworks */,
				EBA1C26923CE450E00B1BE68 /* Resources */,
			);
			buildRules = (
			);
			dependencies = (
				EBA1C27123CE450E00B1BE68 /* PBXTargetDependency */,
			);
			name = "Airpods Battery MonitorTests";
			productName = "Airpods Battery MonitorTests";
			productReference = EBA1C26B23CE450E00B1BE68 /* Airpods Battery MonitorTests.xctest */;
			productType = "com.apple.product-type.bundle.unit-test";
		};
		EBC7AD3A2386769700A53E83 /* AirpodsPro Battery */ = {
			isa = PBXNativeTarget;
			buildConfigurationList = EBC7AD4B2386769900A53E83 /* Build configuration list for PBXNativeTarget "AirpodsPro Battery" */;
			buildPhases = (
				FC4DEFE1FCA2B2859A3F25FF /* [CP] Check Pods Manifest.lock */,
				EBC7AD372386769700A53E83 /* Sources */,
				EBC7AD382386769700A53E83 /* Frameworks */,
				EBC7AD392386769700A53E83 /* Resources */,
				674D600EE85F284238567152 /* [CP] Embed Pods Frameworks */,
			);
			buildRules = (
			);
			dependencies = (
			);
			name = "AirpodsPro Battery";
			productName = "AirpodsPro Battery";
			productReference = EBC7AD3B2386769700A53E83 /* Airpods Battery Monitor.app */;
			productType = "com.apple.product-type.application";
		};
/* End PBXNativeTarget section */

/* Begin PBXProject section */
		EBC7AD332386769700A53E83 /* Project object */ = {
			isa = PBXProject;
			attributes = {
				LastSwiftUpdateCheck = 1130;
				LastUpgradeCheck = 1130;
				ORGANIZATIONNAME = "Mohamed Arradi";
				TargetAttributes = {
					EBA1C26A23CE450E00B1BE68 = {
						CreatedOnToolsVersion = 11.3;
						TestTargetID = EBC7AD3A2386769700A53E83;
					};
					EBC7AD3A2386769700A53E83 = {
						CreatedOnToolsVersion = 11.2.1;
					};
				};
			};
			buildConfigurationList = EBC7AD362386769700A53E83 /* Build configuration list for PBXProject "AirpodsPro Battery" */;
			compatibilityVersion = "Xcode 9.3";
			developmentRegion = en;
			hasScannedForEncodings = 0;
			knownRegions = (
				en,
				Base,
				fr,
			);
			mainGroup = EBC7AD322386769700A53E83;
			productRefGroup = EBC7AD3C2386769700A53E83 /* Products */;
			projectDirPath = "";
			projectRoot = "";
			targets = (
				EBC7AD3A2386769700A53E83 /* AirpodsPro Battery */,
				EBA1C26A23CE450E00B1BE68 /* Airpods Battery MonitorTests */,
			);
		};
/* End PBXProject section */

/* Begin PBXResourcesBuildPhase section */
		EBA1C26923CE450E00B1BE68 /* Resources */ = {
			isa = PBXResourcesBuildPhase;
			buildActionMask = 2147483647;
			files = (
			);
			runOnlyForDeploymentPostprocessing = 0;
		};
		EBC7AD392386769700A53E83 /* Resources */ = {
			isa = PBXResourcesBuildPhase;
			buildActionMask = 2147483647;
			files = (
				EB925B5C23A8CCB500E8950C /* apple-devices-verification.sh in Resources */,
				EB8E8E34238DA65C00EBC5ED /* battery-airpods.sh in Resources */,
				EBFE03AA23A3644B006095DB /* CreditsWindow.xib in Resources */,
				EBFE03A423A36339006095DB /* AboutWindow.xib in Resources */,
				EBC7AD432386769900A53E83 /* Assets.xcassets in Resources */,
				EBC7AD602387D71E00A53E83 /* Localizable.strings in Resources */,
				EBC7AD512386791E00A53E83 /* MainMenu.xib in Resources */,
				EB367CE7250B8BDC00E890FF /* mapmac.txt in Resources */,
			);
			runOnlyForDeploymentPostprocessing = 0;
		};
/* End PBXResourcesBuildPhase section */

/* Begin PBXShellScriptBuildPhase section */
		674D600EE85F284238567152 /* [CP] Embed Pods Frameworks */ = {
			isa = PBXShellScriptBuildPhase;
			buildActionMask = 2147483647;
			files = (
			);
			inputFileListPaths = (
				"${PODS_ROOT}/Target Support Files/Pods-AirpodsPro Battery/Pods-AirpodsPro Battery-frameworks-${CONFIGURATION}-input-files.xcfilelist",
			);
			name = "[CP] Embed Pods Frameworks";
			outputFileListPaths = (
				"${PODS_ROOT}/Target Support Files/Pods-AirpodsPro Battery/Pods-AirpodsPro Battery-frameworks-${CONFIGURATION}-output-files.xcfilelist",
			);
			runOnlyForDeploymentPostprocessing = 0;
			shellPath = /bin/sh;
			shellScript = "\"${PODS_ROOT}/Target Support Files/Pods-AirpodsPro Battery/Pods-AirpodsPro Battery-frameworks.sh\"\n";
			showEnvVarsInLog = 0;
		};
		FC4DEFE1FCA2B2859A3F25FF /* [CP] Check Pods Manifest.lock */ = {
			isa = PBXShellScriptBuildPhase;
			buildActionMask = 2147483647;
			files = (
			);
			inputFileListPaths = (
			);
			inputPaths = (
				"${PODS_PODFILE_DIR_PATH}/Podfile.lock",
				"${PODS_ROOT}/Manifest.lock",
			);
			name = "[CP] Check Pods Manifest.lock";
			outputFileListPaths = (
			);
			outputPaths = (
				"$(DERIVED_FILE_DIR)/Pods-AirpodsPro Battery-checkManifestLockResult.txt",
			);
			runOnlyForDeploymentPostprocessing = 0;
			shellPath = /bin/sh;
			shellScript = "diff \"${PODS_PODFILE_DIR_PATH}/Podfile.lock\" \"${PODS_ROOT}/Manifest.lock\" > /dev/null\nif [ $? != 0 ] ; then\n    # print error to STDERR\n    echo \"error: The sandbox is not in sync with the Podfile.lock. Run 'pod install' or update your CocoaPods installation.\" >&2\n    exit 1\nfi\n# This output is used by Xcode 'outputs' to avoid re-running this script phase.\necho \"SUCCESS\" > \"${SCRIPT_OUTPUT_FILE_0}\"\n";
			showEnvVarsInLog = 0;
		};
/* End PBXShellScriptBuildPhase section */

/* Begin PBXSourcesBuildPhase section */
		EBA1C26723CE450E00B1BE68 /* Sources */ = {
			isa = PBXSourcesBuildPhase;
			buildActionMask = 2147483647;
			files = (
				EBA1C26E23CE450E00B1BE68 /* Airpods_Battery_MonitorTests.swift in Sources */,
			);
			runOnlyForDeploymentPostprocessing = 0;
		};
		EBC7AD372386769700A53E83 /* Sources */ = {
			isa = PBXSourcesBuildPhase;
			buildActionMask = 2147483647;
			files = (
				EB925B5E23A8D1F400E8950C /* BluetoothAirpodsBatteryManagementProtocol.swift in Sources */,
				EBFE03DC23A4AC62006095DB /* AlertUtil.swift in Sources */,
				EBC7AD4F2386776000A53E83 /* String+Localized.swift in Sources */,
				EBC7AD5923867D9400A53E83 /* JCGGProgressBar.swift in Sources */,
				EB8E8E38238DBDD800EBC5ED /* BashExecutor.swift in Sources */,
				EBC7AD412386769700A53E83 /* StatusMenuController.swift in Sources */,
				EBFE03A823A36401006095DB /* CreditsWindow.swift in Sources */,
				EBC7AD5323867CF400A53E83 /* BatteryView.swift in Sources */,
				EB5874E5239E19F7005C6E04 /* ScriptsHandler.swift in Sources */,
				EB8CF6B123A2154900C59492 /* PrefsPersistanceManager.swift in Sources */,
				EBFE03AD23A374F0006095DB /* AirPodsBatteryViewModel.swift in Sources */,
				EBC7AD3F2386769700A53E83 /* AppDelegate.swift in Sources */,
				EBFE03A323A36339006095DB /* AboutWindow.swift in Sources */,
				EBFE03A623A36356006095DB /* Bundle+Versioning.swift in Sources */,
			);
			runOnlyForDeploymentPostprocessing = 0;
		};
/* End PBXSourcesBuildPhase section */

/* Begin PBXTargetDependency section */
		EBA1C27123CE450E00B1BE68 /* PBXTargetDependency */ = {
			isa = PBXTargetDependency;
			target = EBC7AD3A2386769700A53E83 /* AirpodsPro Battery */;
			targetProxy = EBA1C27023CE450E00B1BE68 /* PBXContainerItemProxy */;
		};
/* End PBXTargetDependency section */

/* Begin PBXVariantGroup section */
		EBC7AD622387D71E00A53E83 /* Localizable.strings */ = {
			isa = PBXVariantGroup;
			children = (
				EBC7AD612387D71E00A53E83 /* en */,
				EBF6CCEE23B80F7200E82B2C /* fr */,
			);
			name = Localizable.strings;
			sourceTree = "<group>";
		};
/* End PBXVariantGroup section */

/* Begin XCBuildConfiguration section */
		EBA1C27223CE450E00B1BE68 /* Debug */ = {
			isa = XCBuildConfiguration;
			buildSettings = {
				BUNDLE_LOADER = "$(TEST_HOST)";
				CODE_SIGN_STYLE = Automatic;
				COMBINE_HIDPI_IMAGES = YES;
				DEVELOPMENT_TEAM = 8JVK53ZY4C;
				INFOPLIST_FILE = "Airpods Battery MonitorTests/Info.plist";
				LD_RUNPATH_SEARCH_PATHS = (
					"$(inherited)",
					"@executable_path/../Frameworks",
					"@loader_path/../Frameworks",
				);
				MACOSX_DEPLOYMENT_TARGET = 10.15;
				PRODUCT_BUNDLE_IDENTIFIER = "com.mac.Airpods-Battery-MonitorTests";
				PRODUCT_NAME = "$(TARGET_NAME)";
				SWIFT_VERSION = 5.0;
				TEST_HOST = "$(BUILT_PRODUCTS_DIR)/Airpods Battery Monitor.app/Contents/MacOS/Airpods Battery Monitor";
			};
			name = Debug;
		};
		EBA1C27323CE450E00B1BE68 /* Release */ = {
			isa = XCBuildConfiguration;
			buildSettings = {
				BUNDLE_LOADER = "$(TEST_HOST)";
				CODE_SIGN_STYLE = Automatic;
				COMBINE_HIDPI_IMAGES = YES;
				DEVELOPMENT_TEAM = 8JVK53ZY4C;
				INFOPLIST_FILE = "Airpods Battery MonitorTests/Info.plist";
				LD_RUNPATH_SEARCH_PATHS = (
					"$(inherited)",
					"@executable_path/../Frameworks",
					"@loader_path/../Frameworks",
				);
				MACOSX_DEPLOYMENT_TARGET = 10.15;
				PRODUCT_BUNDLE_IDENTIFIER = "com.mac.Airpods-Battery-MonitorTests";
				PRODUCT_NAME = "$(TARGET_NAME)";
				SWIFT_VERSION = 5.0;
				TEST_HOST = "$(BUILT_PRODUCTS_DIR)/Airpods Battery Monitor.app/Contents/MacOS/Airpods Battery Monitor";
			};
			name = Release;
		};
		EBC7AD492386769900A53E83 /* Debug */ = {
			isa = XCBuildConfiguration;
			buildSettings = {
				ALWAYS_SEARCH_USER_PATHS = NO;
				CLANG_ANALYZER_LOCALIZABILITY_NONLOCALIZED = YES;
				CLANG_ANALYZER_NONNULL = YES;
				CLANG_ANALYZER_NUMBER_OBJECT_CONVERSION = YES_AGGRESSIVE;
				CLANG_CXX_LANGUAGE_STANDARD = "gnu++14";
				CLANG_CXX_LIBRARY = "libc++";
				CLANG_ENABLE_MODULES = YES;
				CLANG_ENABLE_OBJC_ARC = YES;
				CLANG_ENABLE_OBJC_WEAK = YES;
				CLANG_WARN_BLOCK_CAPTURE_AUTORELEASING = YES;
				CLANG_WARN_BOOL_CONVERSION = YES;
				CLANG_WARN_COMMA = YES;
				CLANG_WARN_CONSTANT_CONVERSION = YES;
				CLANG_WARN_DEPRECATED_OBJC_IMPLEMENTATIONS = YES;
				CLANG_WARN_DIRECT_OBJC_ISA_USAGE = YES_ERROR;
				CLANG_WARN_DOCUMENTATION_COMMENTS = YES;
				CLANG_WARN_EMPTY_BODY = YES;
				CLANG_WARN_ENUM_CONVERSION = YES;
				CLANG_WARN_INFINITE_RECURSION = YES;
				CLANG_WARN_INT_CONVERSION = YES;
				CLANG_WARN_NON_LITERAL_NULL_CONVERSION = YES;
				CLANG_WARN_OBJC_IMPLICIT_RETAIN_SELF = YES;
				CLANG_WARN_OBJC_LITERAL_CONVERSION = YES;
				CLANG_WARN_OBJC_ROOT_CLASS = YES_ERROR;
				CLANG_WARN_RANGE_LOOP_ANALYSIS = YES;
				CLANG_WARN_STRICT_PROTOTYPES = YES;
				CLANG_WARN_SUSPICIOUS_MOVE = YES;
				CLANG_WARN_UNGUARDED_AVAILABILITY = YES_AGGRESSIVE;
				CLANG_WARN_UNREACHABLE_CODE = YES;
				CLANG_WARN__DUPLICATE_METHOD_MATCH = YES;
				COPY_PHASE_STRIP = NO;
				DEBUG_INFORMATION_FORMAT = dwarf;
				ENABLE_STRICT_OBJC_MSGSEND = YES;
				ENABLE_TESTABILITY = YES;
				GCC_C_LANGUAGE_STANDARD = gnu11;
				GCC_DYNAMIC_NO_PIC = NO;
				GCC_NO_COMMON_BLOCKS = YES;
				GCC_OPTIMIZATION_LEVEL = 0;
				GCC_PREPROCESSOR_DEFINITIONS = (
					"DEBUG=1",
					"$(inherited)",
				);
				GCC_WARN_64_TO_32_BIT_CONVERSION = YES;
				GCC_WARN_ABOUT_RETURN_TYPE = YES_ERROR;
				GCC_WARN_UNDECLARED_SELECTOR = YES;
				GCC_WARN_UNINITIALIZED_AUTOS = YES_AGGRESSIVE;
				GCC_WARN_UNUSED_FUNCTION = YES;
				GCC_WARN_UNUSED_VARIABLE = YES;
				MACOSX_DEPLOYMENT_TARGET = 10.13;
				MTL_ENABLE_DEBUG_INFO = INCLUDE_SOURCE;
				MTL_FAST_MATH = YES;
				ONLY_ACTIVE_ARCH = YES;
				PRODUCT_NAME = "Airpods Battery Monitor";
				SDKROOT = macosx;
				SWIFT_ACTIVE_COMPILATION_CONDITIONS = DEBUG;
				SWIFT_OPTIMIZATION_LEVEL = "-Onone";
			};
			name = Debug;
		};
		EBC7AD4A2386769900A53E83 /* Release */ = {
			isa = XCBuildConfiguration;
			buildSettings = {
				ALWAYS_SEARCH_USER_PATHS = NO;
				CLANG_ANALYZER_LOCALIZABILITY_NONLOCALIZED = YES;
				CLANG_ANALYZER_NONNULL = YES;
				CLANG_ANALYZER_NUMBER_OBJECT_CONVERSION = YES_AGGRESSIVE;
				CLANG_CXX_LANGUAGE_STANDARD = "gnu++14";
				CLANG_CXX_LIBRARY = "libc++";
				CLANG_ENABLE_MODULES = YES;
				CLANG_ENABLE_OBJC_ARC = YES;
				CLANG_ENABLE_OBJC_WEAK = YES;
				CLANG_WARN_BLOCK_CAPTURE_AUTORELEASING = YES;
				CLANG_WARN_BOOL_CONVERSION = YES;
				CLANG_WARN_COMMA = YES;
				CLANG_WARN_CONSTANT_CONVERSION = YES;
				CLANG_WARN_DEPRECATED_OBJC_IMPLEMENTATIONS = YES;
				CLANG_WARN_DIRECT_OBJC_ISA_USAGE = YES_ERROR;
				CLANG_WARN_DOCUMENTATION_COMMENTS = YES;
				CLANG_WARN_EMPTY_BODY = YES;
				CLANG_WARN_ENUM_CONVERSION = YES;
				CLANG_WARN_INFINITE_RECURSION = YES;
				CLANG_WARN_INT_CONVERSION = YES;
				CLANG_WARN_NON_LITERAL_NULL_CONVERSION = YES;
				CLANG_WARN_OBJC_IMPLICIT_RETAIN_SELF = YES;
				CLANG_WARN_OBJC_LITERAL_CONVERSION = YES;
				CLANG_WARN_OBJC_ROOT_CLASS = YES_ERROR;
				CLANG_WARN_RANGE_LOOP_ANALYSIS = YES;
				CLANG_WARN_STRICT_PROTOTYPES = YES;
				CLANG_WARN_SUSPICIOUS_MOVE = YES;
				CLANG_WARN_UNGUARDED_AVAILABILITY = YES_AGGRESSIVE;
				CLANG_WARN_UNREACHABLE_CODE = YES;
				CLANG_WARN__DUPLICATE_METHOD_MATCH = YES;
				COPY_PHASE_STRIP = NO;
				DEBUG_INFORMATION_FORMAT = "dwarf-with-dsym";
				ENABLE_NS_ASSERTIONS = NO;
				ENABLE_STRICT_OBJC_MSGSEND = YES;
				GCC_C_LANGUAGE_STANDARD = gnu11;
				GCC_NO_COMMON_BLOCKS = YES;
				GCC_WARN_64_TO_32_BIT_CONVERSION = YES;
				GCC_WARN_ABOUT_RETURN_TYPE = YES_ERROR;
				GCC_WARN_UNDECLARED_SELECTOR = YES;
				GCC_WARN_UNINITIALIZED_AUTOS = YES_AGGRESSIVE;
				GCC_WARN_UNUSED_FUNCTION = YES;
				GCC_WARN_UNUSED_VARIABLE = YES;
				MACOSX_DEPLOYMENT_TARGET = 10.13;
				MTL_ENABLE_DEBUG_INFO = NO;
				MTL_FAST_MATH = YES;
				PRODUCT_NAME = "Airpods Battery Monitor";
				SDKROOT = macosx;
				SWIFT_COMPILATION_MODE = wholemodule;
				SWIFT_OPTIMIZATION_LEVEL = "-O";
			};
			name = Release;
		};
		EBC7AD4C2386769900A53E83 /* Debug */ = {
			isa = XCBuildConfiguration;
			baseConfigurationReference = 4CD417C15AE3C9D3617883FB /* Pods-AirpodsPro Battery.debug.xcconfig */;
			buildSettings = {
				ASSETCATALOG_COMPILER_APPICON_NAME = AppIcon;
				CODE_SIGN_ENTITLEMENTS = "AirpodsPro Battery/AirpodsPro_Battery.entitlements";
				CODE_SIGN_IDENTITY = "Apple Development";
				CODE_SIGN_STYLE = Automatic;
				COMBINE_HIDPI_IMAGES = YES;
				CURRENT_PROJECT_VERSION = 0;
				DEVELOPMENT_TEAM = 863647XUVV;
				ENABLE_HARDENED_RUNTIME = YES;
				INFOPLIST_FILE = "AirpodsPro Battery/Info.plist";
				LD_RUNPATH_SEARCH_PATHS = (
					"$(inherited)",
					"@executable_path/../Frameworks",
				);
				MARKETING_VERSION = 1.0.15;
				PRODUCT_BUNDLE_IDENTIFIER = "com.mac.AirpodsPro-Battery";
				PRODUCT_NAME = "Airpods Battery Monitor";
				SWIFT_VERSION = 5.0;
			};
			name = Debug;
		};
		EBC7AD4D2386769900A53E83 /* Release */ = {
			isa = XCBuildConfiguration;
			baseConfigurationReference = 1005E2DA5B1F46CCF07ED9B3 /* Pods-AirpodsPro Battery.release.xcconfig */;
			buildSettings = {
				ASSETCATALOG_COMPILER_APPICON_NAME = AppIcon;
				CODE_SIGN_ENTITLEMENTS = "AirpodsPro Battery/AirpodsPro_Battery.entitlements";
				CODE_SIGN_IDENTITY = "Apple Development";
				CODE_SIGN_STYLE = Automatic;
				COMBINE_HIDPI_IMAGES = YES;
				CURRENT_PROJECT_VERSION = 0;
				DEVELOPMENT_TEAM = 8JVK53ZY4C;
				ENABLE_HARDENED_RUNTIME = YES;
				INFOPLIST_FILE = "AirpodsPro Battery/Info.plist";
				LD_RUNPATH_SEARCH_PATHS = (
					"$(inherited)",
					"@executable_path/../Frameworks",
				);
				MARKETING_VERSION = 1.0.15;
				PRODUCT_BUNDLE_IDENTIFIER = "com.mac.AirpodsPro-Battery";
				PRODUCT_NAME = "Airpods Battery Monitor";
				SWIFT_VERSION = 5.0;
			};
			name = Release;
		};
/* End XCBuildConfiguration section */

/* Begin XCConfigurationList section */
		EBA1C27423CE450E00B1BE68 /* Build configuration list for PBXNativeTarget "Airpods Battery MonitorTests" */ = {
			isa = XCConfigurationList;
			buildConfigurations = (
				EBA1C27223CE450E00B1BE68 /* Debug */,
				EBA1C27323CE450E00B1BE68 /* Release */,
			);
			defaultConfigurationIsVisible = 0;
			defaultConfigurationName = Release;
		};
		EBC7AD362386769700A53E83 /* Build configuration list for PBXProject "AirpodsPro Battery" */ = {
			isa = XCConfigurationList;
			buildConfigurations = (
				EBC7AD492386769900A53E83 /* Debug */,
				EBC7AD4A2386769900A53E83 /* Release */,
			);
			defaultConfigurationIsVisible = 0;
			defaultConfigurationName = Release;
		};
		EBC7AD4B2386769900A53E83 /* Build configuration list for PBXNativeTarget "AirpodsPro Battery" */ = {
			isa = XCConfigurationList;
			buildConfigurations = (
				EBC7AD4C2386769900A53E83 /* Debug */,
				EBC7AD4D2386769900A53E83 /* Release */,
			);
			defaultConfigurationIsVisible = 0;
			defaultConfigurationName = Release;
		};
/* End XCConfigurationList section */
	};
	rootObject = EBC7AD332386769700A53E83 /* Project object */;
}
