// !$*UTF8*$!
{
	archiveVersion = 1;
	classes = {
	};
	objectVersion = 54;
	objects = {

/* Begin PBXBuildFile section */
		D904C6472747AB94009856C5 /* NSScreen+Extension.swift in Sources */ = {isa = PBXBuildFile; fileRef = D904C6462747AB94009856C5 /* NSScreen+Extension.swift */; };
		D904C64C274BD30A009856C5 /* battery-airpods-monterey.sh in Resources */ = {isa = PBXBuildFile; fileRef = D904C64B274BD309009856C5 /* battery-airpods-monterey.sh */; };
		D94F607526D2A54A0086CF8E /* Assets.xcassets in Resources */ = {isa = PBXBuildFile; fileRef = D9F9FF81256838890086120E /* Assets.xcassets */; };
		D957E013274E6658007F940C /* System+Extension.swift in Sources */ = {isa = PBXBuildFile; fileRef = D957E012274E6658007F940C /* System+Extension.swift */; };
		D957E014274E6658007F940C /* System+Extension.swift in Sources */ = {isa = PBXBuildFile; fileRef = D957E012274E6658007F940C /* System+Extension.swift */; };
		D98B79092A166FEF0078CA8B /* LoginServiceKit in Frameworks */ = {isa = PBXBuildFile; productRef = D98B79082A166FEF0078CA8B /* LoginServiceKit */; };
		D99B875026A8D1400036C56F /* PrefsPersistanceManager.swift in Sources */ = {isa = PBXBuildFile; fileRef = EB8CF6B023A2154900C59492 /* PrefsPersistanceManager.swift */; };
		D99B875426A984A90036C56F /* DateUtil.swift in Sources */ = {isa = PBXBuildFile; fileRef = D99B875326A984A90036C56F /* DateUtil.swift */; };
		D99B875626A9DC910036C56F /* PreferenceSettingsWindow.swift in Sources */ = {isa = PBXBuildFile; fileRef = D99B875526A9DC910036C56F /* PreferenceSettingsWindow.swift */; };
		D99B875826A9DCA60036C56F /* PreferenceSettingsWindow.xib in Resources */ = {isa = PBXBuildFile; fileRef = D99B875726A9DCA60036C56F /* PreferenceSettingsWindow.xib */; };
		D9A98BAC26D253EF0035A142 /* DeviceType.swift in Sources */ = {isa = PBXBuildFile; fileRef = D9A98BAB26D253EF0035A142 /* DeviceType.swift */; };
		D9A98BAE26D254080035A142 /* DeviceType.swift in Sources */ = {isa = PBXBuildFile; fileRef = D9A98BAB26D253EF0035A142 /* DeviceType.swift */; };
		D9A98BB126D255DC0035A142 /* AirpodsBatteryProvider.swift in Sources */ = {isa = PBXBuildFile; fileRef = D9A98BAF26D255B20035A142 /* AirpodsBatteryProvider.swift */; };
		D9A98BB926D258140035A142 /* BatteryAirpodsWidgetEntryView.swift in Sources */ = {isa = PBXBuildFile; fileRef = D9A98BB826D258140035A142 /* BatteryAirpodsWidgetEntryView.swift */; };
		D9A98BBB26D259860035A142 /* PreferencesKeys.swift in Sources */ = {isa = PBXBuildFile; fileRef = D9A98BBA26D259860035A142 /* PreferencesKeys.swift */; };
		D9A98BBC26D259970035A142 /* PreferencesKeys.swift in Sources */ = {isa = PBXBuildFile; fileRef = D9A98BBA26D259860035A142 /* PreferencesKeys.swift */; };
		D9D8846826D1624B0091AFEA /* BatteryHeadsetView.swift in Sources */ = {isa = PBXBuildFile; fileRef = D9D8846726D1624B0091AFEA /* BatteryHeadsetView.swift */; };
		D9D8846A26D24D4C0091AFEA /* AirpodsInfo.swift in Sources */ = {isa = PBXBuildFile; fileRef = D9D8846926D24D4C0091AFEA /* AirpodsInfo.swift */; };
		D9D8846C26D24D6E0091AFEA /* HeadsetInfo.swift in Sources */ = {isa = PBXBuildFile; fileRef = D9D8846B26D24D6E0091AFEA /* HeadsetInfo.swift */; };
		D9D8846E26D2513E0091AFEA /* BatteryAirpodsView.swift in Sources */ = {isa = PBXBuildFile; fileRef = D9D8846D26D2513E0091AFEA /* BatteryAirpodsView.swift */; };
		D9F95B60268F070E0066565A /* NCBTListeningModeController.swift in Sources */ = {isa = PBXBuildFile; fileRef = D9F95B53268F070E0066565A /* NCBTListeningModeController.swift */; };
		D9F95B61268F070E0066565A /* NCBTListeningModeController.swift in Sources */ = {isa = PBXBuildFile; fileRef = D9F95B53268F070E0066565A /* NCBTListeningModeController.swift */; };
		D9F95B62268F070E0066565A /* fishhook.c in Sources */ = {isa = PBXBuildFile; fileRef = D9F95B55268F070E0066565A /* fishhook.c */; };
		D9F95B63268F070E0066565A /* fishhook.c in Sources */ = {isa = PBXBuildFile; fileRef = D9F95B55268F070E0066565A /* fishhook.c */; };
		D9F95B64268F070E0066565A /* NCAVListeningModeController.m in Sources */ = {isa = PBXBuildFile; fileRef = D9F95B59268F070E0066565A /* NCAVListeningModeController.m */; };
		D9F95B65268F070E0066565A /* NCAVListeningModeController.m in Sources */ = {isa = PBXBuildFile; fileRef = D9F95B59268F070E0066565A /* NCAVListeningModeController.m */; };
		D9F95B66268F070E0066565A /* NCDevice.m in Sources */ = {isa = PBXBuildFile; fileRef = D9F95B5C268F070E0066565A /* NCDevice.m */; };
		D9F95B67268F070E0066565A /* NCDevice.m in Sources */ = {isa = PBXBuildFile; fileRef = D9F95B5C268F070E0066565A /* NCDevice.m */; };
		D9F95B68268F070E0066565A /* NCListeningMode.swift in Sources */ = {isa = PBXBuildFile; fileRef = D9F95B5E268F070E0066565A /* NCListeningMode.swift */; };
		D9F95B69268F070E0066565A /* NCListeningMode.swift in Sources */ = {isa = PBXBuildFile; fileRef = D9F95B5E268F070E0066565A /* NCListeningMode.swift */; };
		D9F95B6B268F083A0066565A /* TransparencyModeViewModel.swift in Sources */ = {isa = PBXBuildFile; fileRef = D9F95B6A268F083A0066565A /* TransparencyModeViewModel.swift */; };
		D9F95B6E268F23430066565A /* oui.txt in Resources */ = {isa = PBXBuildFile; fileRef = D9F95B6D268F23430066565A /* oui.txt */; };
		D9F95B6F268F23430066565A /* oui.txt in Resources */ = {isa = PBXBuildFile; fileRef = D9F95B6D268F23430066565A /* oui.txt */; };
		D9F95B71268F39BF0066565A /* Logger.swift in Sources */ = {isa = PBXBuildFile; fileRef = D9F95B70268F39BF0066565A /* Logger.swift */; };
		D9F95B76268F3B6F0066565A /* AppleScriptExecutor.swift in Sources */ = {isa = PBXBuildFile; fileRef = D9F95B75268F3B6F0066565A /* AppleScriptExecutor.swift */; };
		D9F95B78268F40950066565A /* DeviceChecker.swift in Sources */ = {isa = PBXBuildFile; fileRef = D9F95B77268F40950066565A /* DeviceChecker.swift */; };
		D9F9FF7A256838880086120E /* WidgetKit.framework in Frameworks */ = {isa = PBXBuildFile; fileRef = D9F9FF79256838880086120E /* WidgetKit.framework */; };
		D9F9FF7C256838880086120E /* SwiftUI.framework in Frameworks */ = {isa = PBXBuildFile; fileRef = D9F9FF7B256838880086120E /* SwiftUI.framework */; };
		D9F9FF7F256838880086120E /* batteryWidget.swift in Sources */ = {isa = PBXBuildFile; fileRef = D9F9FF7E256838880086120E /* batteryWidget.swift */; };
		D9F9FF82256838890086120E /* Assets.xcassets in Resources */ = {isa = PBXBuildFile; fileRef = D9F9FF81256838890086120E /* Assets.xcassets */; };
		D9F9FF85256838890086120E /* batteryWidget.intentdefinition in Sources */ = {isa = PBXBuildFile; fileRef = D9F9FF80256838880086120E /* batteryWidget.intentdefinition */; };
		D9F9FF86256838890086120E /* batteryWidget.intentdefinition in Sources */ = {isa = PBXBuildFile; fileRef = D9F9FF80256838880086120E /* batteryWidget.intentdefinition */; };
		D9F9FF89256838890086120E /* batteryWidgetExtension.appex in Embed Foundation Extensions */ = {isa = PBXBuildFile; fileRef = D9F9FF78256838880086120E /* batteryWidgetExtension.appex */; settings = {ATTRIBUTES = (RemoveHeadersOnCopy, ); }; };
		EB5874E5239E19F7005C6E04 /* ScriptsHandler.swift in Sources */ = {isa = PBXBuildFile; fileRef = EB5874E4239E19F7005C6E04 /* ScriptsHandler.swift */; };
		EB8CF6B123A2154900C59492 /* PrefsPersistanceManager.swift in Sources */ = {isa = PBXBuildFile; fileRef = EB8CF6B023A2154900C59492 /* PrefsPersistanceManager.swift */; };
		EB8E8E34238DA65C00EBC5ED /* battery-airpods.sh in Resources */ = {isa = PBXBuildFile; fileRef = EB8E8E33238DA65C00EBC5ED /* battery-airpods.sh */; };
		EB8E8E38238DBDD800EBC5ED /* BashExecutor.swift in Sources */ = {isa = PBXBuildFile; fileRef = EB8E8E37238DBDD800EBC5ED /* BashExecutor.swift */; };
		EB925B5C23A8CCB500E8950C /* apple-devices-verification.sh in Resources */ = {isa = PBXBuildFile; fileRef = EB925B5B23A8CCB500E8950C /* apple-devices-verification.sh */; };
		EB925B5E23A8D1F400E8950C /* BluetoothAirpodsBatteryManagementProtocol.swift in Sources */ = {isa = PBXBuildFile; fileRef = EB925B5D23A8D1F400E8950C /* BluetoothAirpodsBatteryManagementProtocol.swift */; };
		EBA1C26E23CE450E00B1BE68 /* Airpods_Battery_MonitorTests.swift in Sources */ = {isa = PBXBuildFile; fileRef = EBA1C26D23CE450E00B1BE68 /* Airpods_Battery_MonitorTests.swift */; };
		EBC7AD3F2386769700A53E83 /* AppDelegate.swift in Sources */ = {isa = PBXBuildFile; fileRef = EBC7AD3E2386769700A53E83 /* AppDelegate.swift */; };
		EBC7AD412386769700A53E83 /* StatusMenuController.swift in Sources */ = {isa = PBXBuildFile; fileRef = EBC7AD402386769700A53E83 /* StatusMenuController.swift */; };
		EBC7AD432386769900A53E83 /* Assets.xcassets in Resources */ = {isa = PBXBuildFile; fileRef = EBC7AD422386769900A53E83 /* Assets.xcassets */; };
		EBC7AD4F2386776000A53E83 /* String+Localized.swift in Sources */ = {isa = PBXBuildFile; fileRef = EBC7AD4E2386776000A53E83 /* String+Localized.swift */; };
		EBC7AD512386791E00A53E83 /* MainMenu.xib in Resources */ = {isa = PBXBuildFile; fileRef = EBC7AD502386791E00A53E83 /* MainMenu.xib */; };
		EBC7AD5323867CF400A53E83 /* BatteryView.swift in Sources */ = {isa = PBXBuildFile; fileRef = EBC7AD5223867CF400A53E83 /* BatteryView.swift */; };
		EBC7AD5923867D9400A53E83 /* JCGGProgressBar.swift in Sources */ = {isa = PBXBuildFile; fileRef = EBC7AD5823867D9400A53E83 /* JCGGProgressBar.swift */; };
		EBC7AD602387D71E00A53E83 /* Localizable.strings in Resources */ = {isa = PBXBuildFile; fileRef = EBC7AD622387D71E00A53E83 /* Localizable.strings */; };
		EBFE03A323A36339006095DB /* AboutWindow.swift in Sources */ = {isa = PBXBuildFile; fileRef = EBFE03A123A36339006095DB /* AboutWindow.swift */; };
		EBFE03A423A36339006095DB /* AboutWindow.xib in Resources */ = {isa = PBXBuildFile; fileRef = EBFE03A223A36339006095DB /* AboutWindow.xib */; };
		EBFE03A623A36356006095DB /* Bundle+Versioning.swift in Sources */ = {isa = PBXBuildFile; fileRef = EBFE03A523A36356006095DB /* Bundle+Versioning.swift */; };
		EBFE03A823A36401006095DB /* CreditsWindow.swift in Sources */ = {isa = PBXBuildFile; fileRef = EBFE03A723A36401006095DB /* CreditsWindow.swift */; };
		EBFE03AA23A3644B006095DB /* CreditsWindow.xib in Resources */ = {isa = PBXBuildFile; fileRef = EBFE03A923A3644B006095DB /* CreditsWindow.xib */; };
		EBFE03AD23A374F0006095DB /* AirPodsBatteryViewModel.swift in Sources */ = {isa = PBXBuildFile; fileRef = EBFE03AC23A374F0006095DB /* AirPodsBatteryViewModel.swift */; };
		EBFE03DC23A4AC62006095DB /* AlertUtil.swift in Sources */ = {isa = PBXBuildFile; fileRef = EBFE03DB23A4AC62006095DB /* AlertUtil.swift */; };
/* End PBXBuildFile section */

/* Begin PBXContainerItemProxy section */
		D9F9FF87256838890086120E /* PBXContainerItemProxy */ = {
			isa = PBXContainerItemProxy;
			containerPortal = EBC7AD332386769700A53E83 /* Project object */;
			proxyType = 1;
			remoteGlobalIDString = D9F9FF77256838880086120E;
			remoteInfo = batteryWidgetExtension;
		};
		EBA1C27023CE450E00B1BE68 /* PBXContainerItemProxy */ = {
			isa = PBXContainerItemProxy;
			containerPortal = EBC7AD332386769700A53E83 /* Project object */;
			proxyType = 1;
			remoteGlobalIDString = EBC7AD3A2386769700A53E83;
			remoteInfo = "AirpodsPro Battery";
		};
/* End PBXContainerItemProxy section */

/* Begin PBXCopyFilesBuildPhase section */
		D9F9FF8D256838890086120E /* Embed Foundation Extensions */ = {
			isa = PBXCopyFilesBuildPhase;
			buildActionMask = 2147483647;
			dstPath = "";
			dstSubfolderSpec = 13;
			files = (
				D9F9FF89256838890086120E /* batteryWidgetExtension.appex in Embed Foundation Extensions */,
			);
			name = "Embed Foundation Extensions";
			runOnlyForDeploymentPostprocessing = 0;
		};
/* End PBXCopyFilesBuildPhase section */

/* Begin PBXFileReference section */
		D904C6462747AB94009856C5 /* NSScreen+Extension.swift */ = {isa = PBXFileReference; lastKnownFileType = sourcecode.swift; path = "NSScreen+Extension.swift"; sourceTree = "<group>"; };
		D904C64B274BD309009856C5 /* battery-airpods-monterey.sh */ = {isa = PBXFileReference; lastKnownFileType = text.script.sh; path = "battery-airpods-monterey.sh"; sourceTree = "<group>"; };
		D957E012274E6658007F940C /* System+Extension.swift */ = {isa = PBXFileReference; lastKnownFileType = sourcecode.swift; path = "System+Extension.swift"; sourceTree = "<group>"; };
		D99B875326A984A90036C56F /* DateUtil.swift */ = {isa = PBXFileReference; lastKnownFileType = sourcecode.swift; path = DateUtil.swift; sourceTree = "<group>"; };
		D99B875526A9DC910036C56F /* PreferenceSettingsWindow.swift */ = {isa = PBXFileReference; lastKnownFileType = sourcecode.swift; path = PreferenceSettingsWindow.swift; sourceTree = "<group>"; };
		D99B875726A9DCA60036C56F /* PreferenceSettingsWindow.xib */ = {isa = PBXFileReference; lastKnownFileType = file.xib; path = PreferenceSettingsWindow.xib; sourceTree = "<group>"; };
		D9A98BAB26D253EF0035A142 /* DeviceType.swift */ = {isa = PBXFileReference; lastKnownFileType = sourcecode.swift; path = DeviceType.swift; sourceTree = "<group>"; };
		D9A98BAF26D255B20035A142 /* AirpodsBatteryProvider.swift */ = {isa = PBXFileReference; lastKnownFileType = sourcecode.swift; path = AirpodsBatteryProvider.swift; sourceTree = "<group>"; };
		D9A98BB826D258140035A142 /* BatteryAirpodsWidgetEntryView.swift */ = {isa = PBXFileReference; lastKnownFileType = sourcecode.swift; path = BatteryAirpodsWidgetEntryView.swift; sourceTree = "<group>"; };
		D9A98BBA26D259860035A142 /* PreferencesKeys.swift */ = {isa = PBXFileReference; lastKnownFileType = sourcecode.swift; path = PreferencesKeys.swift; sourceTree = "<group>"; };
		D9D8846726D1624B0091AFEA /* BatteryHeadsetView.swift */ = {isa = PBXFileReference; lastKnownFileType = sourcecode.swift; path = BatteryHeadsetView.swift; sourceTree = "<group>"; };
		D9D8846926D24D4C0091AFEA /* AirpodsInfo.swift */ = {isa = PBXFileReference; lastKnownFileType = sourcecode.swift; path = AirpodsInfo.swift; sourceTree = "<group>"; };
		D9D8846B26D24D6E0091AFEA /* HeadsetInfo.swift */ = {isa = PBXFileReference; lastKnownFileType = sourcecode.swift; path = HeadsetInfo.swift; sourceTree = "<group>"; };
		D9D8846D26D2513E0091AFEA /* BatteryAirpodsView.swift */ = {isa = PBXFileReference; lastKnownFileType = sourcecode.swift; path = BatteryAirpodsView.swift; sourceTree = "<group>"; };
		D9F95B51268F070D0066565A /* AirpodsPro Battery-Bridging-Header.h */ = {isa = PBXFileReference; lastKnownFileType = sourcecode.c.h; path = "AirpodsPro Battery-Bridging-Header.h"; sourceTree = "<group>"; };
		D9F95B52268F070D0066565A /* batteryWidgetExtension-Bridging-Header.h */ = {isa = PBXFileReference; lastKnownFileType = sourcecode.c.h; path = "batteryWidgetExtension-Bridging-Header.h"; sourceTree = "<group>"; };
		D9F95B53268F070E0066565A /* NCBTListeningModeController.swift */ = {isa = PBXFileReference; fileEncoding = 4; lastKnownFileType = sourcecode.swift; path = NCBTListeningModeController.swift; sourceTree = "<group>"; };
		D9F95B55268F070E0066565A /* fishhook.c */ = {isa = PBXFileReference; fileEncoding = 4; lastKnownFileType = sourcecode.c.c; path = fishhook.c; sourceTree = "<group>"; };
		D9F95B56268F070E0066565A /* AVFoundation-Private.h */ = {isa = PBXFileReference; fileEncoding = 4; lastKnownFileType = sourcecode.c.h; path = "AVFoundation-Private.h"; sourceTree = "<group>"; };
		D9F95B57268F070E0066565A /* fishhook.h */ = {isa = PBXFileReference; fileEncoding = 4; lastKnownFileType = sourcecode.c.h; path = fishhook.h; sourceTree = "<group>"; };
		D9F95B58268F070E0066565A /* IOBluetooth-Private.h */ = {isa = PBXFileReference; fileEncoding = 4; lastKnownFileType = sourcecode.c.h; path = "IOBluetooth-Private.h"; sourceTree = "<group>"; };
		D9F95B59268F070E0066565A /* NCAVListeningModeController.m */ = {isa = PBXFileReference; fileEncoding = 4; lastKnownFileType = sourcecode.c.objc; path = NCAVListeningModeController.m; sourceTree = "<group>"; };
		D9F95B5A268F070E0066565A /* NCAVListeningModeController.h */ = {isa = PBXFileReference; fileEncoding = 4; lastKnownFileType = sourcecode.c.h; path = NCAVListeningModeController.h; sourceTree = "<group>"; };
		D9F95B5C268F070E0066565A /* NCDevice.m */ = {isa = PBXFileReference; fileEncoding = 4; lastKnownFileType = sourcecode.c.objc; path = NCDevice.m; sourceTree = "<group>"; };
		D9F95B5D268F070E0066565A /* NCDevice-Private.h */ = {isa = PBXFileReference; fileEncoding = 4; lastKnownFileType = sourcecode.c.h; path = "NCDevice-Private.h"; sourceTree = "<group>"; };
		D9F95B5E268F070E0066565A /* NCListeningMode.swift */ = {isa = PBXFileReference; fileEncoding = 4; lastKnownFileType = sourcecode.swift; path = NCListeningMode.swift; sourceTree = "<group>"; };
		D9F95B5F268F070E0066565A /* NCDevice.h */ = {isa = PBXFileReference; fileEncoding = 4; lastKnownFileType = sourcecode.c.h; path = NCDevice.h; sourceTree = "<group>"; };
		D9F95B6A268F083A0066565A /* TransparencyModeViewModel.swift */ = {isa = PBXFileReference; lastKnownFileType = sourcecode.swift; path = TransparencyModeViewModel.swift; sourceTree = "<group>"; };
		D9F95B6D268F23430066565A /* oui.txt */ = {isa = PBXFileReference; fileEncoding = 4; lastKnownFileType = text; path = oui.txt; sourceTree = "<group>"; };
		D9F95B70268F39BF0066565A /* Logger.swift */ = {isa = PBXFileReference; lastKnownFileType = sourcecode.swift; path = Logger.swift; sourceTree = "<group>"; };
		D9F95B75268F3B6F0066565A /* AppleScriptExecutor.swift */ = {isa = PBXFileReference; lastKnownFileType = sourcecode.swift; path = AppleScriptExecutor.swift; sourceTree = "<group>"; };
		D9F95B77268F40950066565A /* DeviceChecker.swift */ = {isa = PBXFileReference; lastKnownFileType = sourcecode.swift; path = DeviceChecker.swift; sourceTree = "<group>"; };
		D9F9FF78256838880086120E /* batteryWidgetExtension.appex */ = {isa = PBXFileReference; explicitFileType = "wrapper.app-extension"; includeInIndex = 0; path = batteryWidgetExtension.appex; sourceTree = BUILT_PRODUCTS_DIR; };
		D9F9FF79256838880086120E /* WidgetKit.framework */ = {isa = PBXFileReference; lastKnownFileType = wrapper.framework; name = WidgetKit.framework; path = System/Library/Frameworks/WidgetKit.framework; sourceTree = SDKROOT; };
		D9F9FF7B256838880086120E /* SwiftUI.framework */ = {isa = PBXFileReference; lastKnownFileType = wrapper.framework; name = SwiftUI.framework; path = System/Library/Frameworks/SwiftUI.framework; sourceTree = SDKROOT; };
		D9F9FF7E256838880086120E /* batteryWidget.swift */ = {isa = PBXFileReference; lastKnownFileType = sourcecode.swift; path = batteryWidget.swift; sourceTree = "<group>"; };
		D9F9FF80256838880086120E /* batteryWidget.intentdefinition */ = {isa = PBXFileReference; lastKnownFileType = file.intentdefinition; path = batteryWidget.intentdefinition; sourceTree = "<group>"; };
		D9F9FF81256838890086120E /* Assets.xcassets */ = {isa = PBXFileReference; lastKnownFileType = folder.assetcatalog; path = Assets.xcassets; sourceTree = "<group>"; };
		D9F9FF83256838890086120E /* Info.plist */ = {isa = PBXFileReference; lastKnownFileType = text.plist.xml; path = Info.plist; sourceTree = "<group>"; };
		D9F9FF84256838890086120E /* batteryWidget.entitlements */ = {isa = PBXFileReference; lastKnownFileType = text.plist.entitlements; path = batteryWidget.entitlements; sourceTree = "<group>"; };
		EB5874E4239E19F7005C6E04 /* ScriptsHandler.swift */ = {isa = PBXFileReference; lastKnownFileType = sourcecode.swift; path = ScriptsHandler.swift; sourceTree = "<group>"; };
		EB8CF6B023A2154900C59492 /* PrefsPersistanceManager.swift */ = {isa = PBXFileReference; lastKnownFileType = sourcecode.swift; path = PrefsPersistanceManager.swift; sourceTree = "<group>"; };
		EB8E8E33238DA65C00EBC5ED /* battery-airpods.sh */ = {isa = PBXFileReference; lastKnownFileType = text.script.sh; path = "battery-airpods.sh"; sourceTree = "<group>"; };
		EB8E8E37238DBDD800EBC5ED /* BashExecutor.swift */ = {isa = PBXFileReference; lastKnownFileType = sourcecode.swift; path = BashExecutor.swift; sourceTree = "<group>"; };
		EB925B5B23A8CCB500E8950C /* apple-devices-verification.sh */ = {isa = PBXFileReference; lastKnownFileType = text.script.sh; path = "apple-devices-verification.sh"; sourceTree = "<group>"; };
		EB925B5D23A8D1F400E8950C /* BluetoothAirpodsBatteryManagementProtocol.swift */ = {isa = PBXFileReference; lastKnownFileType = sourcecode.swift; path = BluetoothAirpodsBatteryManagementProtocol.swift; sourceTree = "<group>"; };
		EBA1C26B23CE450E00B1BE68 /* Airpods Battery MonitorTests.xctest */ = {isa = PBXFileReference; explicitFileType = wrapper.cfbundle; includeInIndex = 0; path = "Airpods Battery MonitorTests.xctest"; sourceTree = BUILT_PRODUCTS_DIR; };
		EBA1C26D23CE450E00B1BE68 /* Airpods_Battery_MonitorTests.swift */ = {isa = PBXFileReference; lastKnownFileType = sourcecode.swift; path = Airpods_Battery_MonitorTests.swift; sourceTree = "<group>"; };
		EBA1C26F23CE450E00B1BE68 /* Info.plist */ = {isa = PBXFileReference; lastKnownFileType = text.plist.xml; path = Info.plist; sourceTree = "<group>"; };
		EBC7AD3B2386769700A53E83 /* Airpods Battery Monitor.app */ = {isa = PBXFileReference; explicitFileType = wrapper.application; includeInIndex = 0; path = "Airpods Battery Monitor.app"; sourceTree = BUILT_PRODUCTS_DIR; };
		EBC7AD3E2386769700A53E83 /* AppDelegate.swift */ = {isa = PBXFileReference; lastKnownFileType = sourcecode.swift; path = AppDelegate.swift; sourceTree = "<group>"; };
		EBC7AD402386769700A53E83 /* StatusMenuController.swift */ = {isa = PBXFileReference; lastKnownFileType = sourcecode.swift; path = StatusMenuController.swift; sourceTree = "<group>"; };
		EBC7AD422386769900A53E83 /* Assets.xcassets */ = {isa = PBXFileReference; lastKnownFileType = folder.assetcatalog; path = Assets.xcassets; sourceTree = "<group>"; };
		EBC7AD472386769900A53E83 /* Info.plist */ = {isa = PBXFileReference; lastKnownFileType = text.plist.xml; path = Info.plist; sourceTree = "<group>"; };
		EBC7AD482386769900A53E83 /* AirpodsPro_Battery.entitlements */ = {isa = PBXFileReference; lastKnownFileType = text.plist.entitlements; path = AirpodsPro_Battery.entitlements; sourceTree = "<group>"; };
		EBC7AD4E2386776000A53E83 /* String+Localized.swift */ = {isa = PBXFileReference; lastKnownFileType = sourcecode.swift; path = "String+Localized.swift"; sourceTree = "<group>"; };
		EBC7AD502386791E00A53E83 /* MainMenu.xib */ = {isa = PBXFileReference; fileEncoding = 4; lastKnownFileType = file.xib; path = MainMenu.xib; sourceTree = "<group>"; };
		EBC7AD5223867CF400A53E83 /* BatteryView.swift */ = {isa = PBXFileReference; lastKnownFileType = sourcecode.swift; path = BatteryView.swift; sourceTree = "<group>"; };
		EBC7AD5823867D9400A53E83 /* JCGGProgressBar.swift */ = {isa = PBXFileReference; fileEncoding = 4; lastKnownFileType = sourcecode.swift; path = JCGGProgressBar.swift; sourceTree = "<group>"; };
		EBC7AD612387D71E00A53E83 /* en */ = {isa = PBXFileReference; lastKnownFileType = text.plist.strings; name = en; path = en.lproj/Localizable.strings; sourceTree = "<group>"; };
		EBF6CCEE23B80F7200E82B2C /* fr */ = {isa = PBXFileReference; lastKnownFileType = text.plist.strings; name = fr; path = fr.lproj/Localizable.strings; sourceTree = "<group>"; };
		EBFE03A123A36339006095DB /* AboutWindow.swift */ = {isa = PBXFileReference; fileEncoding = 4; lastKnownFileType = sourcecode.swift; path = AboutWindow.swift; sourceTree = "<group>"; };
		EBFE03A223A36339006095DB /* AboutWindow.xib */ = {isa = PBXFileReference; fileEncoding = 4; lastKnownFileType = file.xib; path = AboutWindow.xib; sourceTree = "<group>"; };
		EBFE03A523A36356006095DB /* Bundle+Versioning.swift */ = {isa = PBXFileReference; lastKnownFileType = sourcecode.swift; path = "Bundle+Versioning.swift"; sourceTree = "<group>"; };
		EBFE03A723A36401006095DB /* CreditsWindow.swift */ = {isa = PBXFileReference; lastKnownFileType = sourcecode.swift; path = CreditsWindow.swift; sourceTree = "<group>"; };
		EBFE03A923A3644B006095DB /* CreditsWindow.xib */ = {isa = PBXFileReference; lastKnownFileType = file.xib; path = CreditsWindow.xib; sourceTree = "<group>"; };
		EBFE03AC23A374F0006095DB /* AirPodsBatteryViewModel.swift */ = {isa = PBXFileReference; lastKnownFileType = sourcecode.swift; path = AirPodsBatteryViewModel.swift; sourceTree = "<group>"; };
		EBFE03DB23A4AC62006095DB /* AlertUtil.swift */ = {isa = PBXFileReference; lastKnownFileType = sourcecode.swift; path = AlertUtil.swift; sourceTree = "<group>"; };
/* End PBXFileReference section */

/* Begin PBXFrameworksBuildPhase section */
		D9F9FF75256838880086120E /* Frameworks */ = {
			isa = PBXFrameworksBuildPhase;
			buildActionMask = 2147483647;
			files = (
				D9F9FF7C256838880086120E /* SwiftUI.framework in Frameworks */,
				D9F9FF7A256838880086120E /* WidgetKit.framework in Frameworks */,
			);
			runOnlyForDeploymentPostprocessing = 0;
		};
		EBA1C26823CE450E00B1BE68 /* Frameworks */ = {
			isa = PBXFrameworksBuildPhase;
			buildActionMask = 2147483647;
			files = (
			);
			runOnlyForDeploymentPostprocessing = 0;
		};
		EBC7AD382386769700A53E83 /* Frameworks */ = {
			isa = PBXFrameworksBuildPhase;
			buildActionMask = 2147483647;
			files = (
				D98B79092A166FEF0078CA8B /* LoginServiceKit in Frameworks */,
			);
			runOnlyForDeploymentPostprocessing = 0;
		};
/* End PBXFrameworksBuildPhase section */

/* Begin PBXGroup section */
		9BB432FC310C592562BB9CB4 /* Frameworks */ = {
			isa = PBXGroup;
			children = (
				D9F9FF79256838880086120E /* WidgetKit.framework */,
				D9F9FF7B256838880086120E /* SwiftUI.framework */,
			);
			name = Frameworks;
			sourceTree = "<group>";
		};
		D9A98BAD26D253F60035A142 /* Scripts */ = {
			isa = PBXGroup;
			children = (
				EB8E8E37238DBDD800EBC5ED /* BashExecutor.swift */,
				EB5874E4239E19F7005C6E04 /* ScriptsHandler.swift */,
				D9F95B75268F3B6F0066565A /* AppleScriptExecutor.swift */,
			);
			path = Scripts;
			sourceTree = "<group>";
		};
		D9A98BB426D256990035A142 /* Provider */ = {
			isa = PBXGroup;
			children = (
				D9A98BAF26D255B20035A142 /* AirpodsBatteryProvider.swift */,
			);
			path = Provider;
			sourceTree = "<group>";
		};
		D9A98BB526D257A30035A142 /* View */ = {
			isa = PBXGroup;
			children = (
				D9A98BB826D258140035A142 /* BatteryAirpodsWidgetEntryView.swift */,
			);
			path = View;
			sourceTree = "<group>";
		};
		D9F95B38268F06520066565A /* External */ = {
			isa = PBXGroup;
			children = (
				D9F95B50268F06FE0066565A /* TransparencyCore */,
			);
			path = External;
			sourceTree = "<group>";
		};
		D9F95B50268F06FE0066565A /* TransparencyCore */ = {
			isa = PBXGroup;
			children = (
				D9F95B5B268F070E0066565A /* Models */,
				D9F95B5A268F070E0066565A /* NCAVListeningModeController.h */,
				D9F95B59268F070E0066565A /* NCAVListeningModeController.m */,
				D9F95B53268F070E0066565A /* NCBTListeningModeController.swift */,
				D9F95B54268F070E0066565A /* Support */,
				D9F95B51268F070D0066565A /* AirpodsPro Battery-Bridging-Header.h */,
				D9F95B52268F070D0066565A /* batteryWidgetExtension-Bridging-Header.h */,
			);
			path = TransparencyCore;
			sourceTree = "<group>";
		};
		D9F95B54268F070E0066565A /* Support */ = {
			isa = PBXGroup;
			children = (
				D9F95B55268F070E0066565A /* fishhook.c */,
				D9F95B56268F070E0066565A /* AVFoundation-Private.h */,
				D9F95B57268F070E0066565A /* fishhook.h */,
				D9F95B58268F070E0066565A /* IOBluetooth-Private.h */,
			);
			path = Support;
			sourceTree = "<group>";
		};
		D9F95B5B268F070E0066565A /* Models */ = {
			isa = PBXGroup;
			children = (
				D9F95B5C268F070E0066565A /* NCDevice.m */,
				D9F95B5D268F070E0066565A /* NCDevice-Private.h */,
				D9F95B5E268F070E0066565A /* NCListeningMode.swift */,
				D9F95B5F268F070E0066565A /* NCDevice.h */,
			);
			path = Models;
			sourceTree = "<group>";
		};
		D9F9FF7D256838880086120E /* batteryWidget */ = {
			isa = PBXGroup;
			children = (
				D9A98BB526D257A30035A142 /* View */,
				D9A98BB426D256990035A142 /* Provider */,
				D9F9FF7E256838880086120E /* batteryWidget.swift */,
				D9F9FF80256838880086120E /* batteryWidget.intentdefinition */,
				D9F9FF81256838890086120E /* Assets.xcassets */,
				D9F9FF83256838890086120E /* Info.plist */,
				D9F9FF84256838890086120E /* batteryWidget.entitlements */,
			);
			path = batteryWidget;
			sourceTree = "<group>";
		};
		EBA1C26C23CE450E00B1BE68 /* Airpods Battery MonitorTests */ = {
			isa = PBXGroup;
			children = (
				EBA1C26D23CE450E00B1BE68 /* Airpods_Battery_MonitorTests.swift */,
				EBA1C26F23CE450E00B1BE68 /* Info.plist */,
			);
			path = "Airpods Battery MonitorTests";
			sourceTree = "<group>";
		};
		EBC7AD322386769700A53E83 = {
			isa = PBXGroup;
			children = (
				EBC7AD3D2386769700A53E83 /* AirpodsPro Battery */,
				EBA1C26C23CE450E00B1BE68 /* Airpods Battery MonitorTests */,
				D9F9FF7D256838880086120E /* batteryWidget */,
				EBC7AD3C2386769700A53E83 /* Products */,
				9BB432FC310C592562BB9CB4 /* Frameworks */,
			);
			sourceTree = "<group>";
		};
		EBC7AD3C2386769700A53E83 /* Products */ = {
			isa = PBXGroup;
			children = (
				EBC7AD3B2386769700A53E83 /* Airpods Battery Monitor.app */,
				EBA1C26B23CE450E00B1BE68 /* Airpods Battery MonitorTests.xctest */,
				D9F9FF78256838880086120E /* batteryWidgetExtension.appex */,
			);
			name = Products;
			sourceTree = "<group>";
		};
		EBC7AD3D2386769700A53E83 /* AirpodsPro Battery */ = {
			isa = PBXGroup;
			children = (
				D9F95B38268F06520066565A /* External */,
				EBFE03DA23A4AC52006095DB /* Utils */,
				EBFE03AB23A374E0006095DB /* ViewModel */,
				EBC7AD682387E09200A53E83 /* Services */,
				EBC7AD662387DF3300A53E83 /* Views */,
				EBC7AD652387DF2300A53E83 /* Extensions */,
				EBC7AD642387DF1800A53E83 /* Controllers */,
				EBC7AD632387DD7900A53E83 /* Model */,
				EBC7AD672387DF6100A53E83 /* Resources */,
				EBC7AD422386769900A53E83 /* Assets.xcassets */,
				EBC7AD472386769900A53E83 /* Info.plist */,
				EBC7AD482386769900A53E83 /* AirpodsPro_Battery.entitlements */,
				EBC7AD622387D71E00A53E83 /* Localizable.strings */,
			);
			path = "AirpodsPro Battery";
			sourceTree = "<group>";
		};
		EBC7AD632387DD7900A53E83 /* Model */ = {
			isa = PBXGroup;
			children = (
				D9A98BAD26D253F60035A142 /* Scripts */,
				D9D8846926D24D4C0091AFEA /* AirpodsInfo.swift */,
				D9D8846B26D24D6E0091AFEA /* HeadsetInfo.swift */,
				D9A98BAB26D253EF0035A142 /* DeviceType.swift */,
			);
			path = Model;
			sourceTree = "<group>";
		};
		EBC7AD642387DF1800A53E83 /* Controllers */ = {
			isa = PBXGroup;
			children = (
				EBC7AD3E2386769700A53E83 /* AppDelegate.swift */,
				EBC7AD4E2386776000A53E83 /* String+Localized.swift */,
				EBC7AD402386769700A53E83 /* StatusMenuController.swift */,
			);
			path = Controllers;
			sourceTree = "<group>";
		};
		EBC7AD652387DF2300A53E83 /* Extensions */ = {
			isa = PBXGroup;
			children = (
				EBFE03A523A36356006095DB /* Bundle+Versioning.swift */,
				D904C6462747AB94009856C5 /* NSScreen+Extension.swift */,
				D957E012274E6658007F940C /* System+Extension.swift */,
			);
			path = Extensions;
			sourceTree = "<group>";
		};
		EBC7AD662387DF3300A53E83 /* Views */ = {
			isa = PBXGroup;
			children = (
				EBC7AD502386791E00A53E83 /* MainMenu.xib */,
				EBC7AD5223867CF400A53E83 /* BatteryView.swift */,
				EBC7AD5823867D9400A53E83 /* JCGGProgressBar.swift */,
				EBFE03A123A36339006095DB /* AboutWindow.swift */,
				EBFE03A223A36339006095DB /* AboutWindow.xib */,
				EBFE03A723A36401006095DB /* CreditsWindow.swift */,
				EBFE03A923A3644B006095DB /* CreditsWindow.xib */,
				D99B875526A9DC910036C56F /* PreferenceSettingsWindow.swift */,
				D99B875726A9DCA60036C56F /* PreferenceSettingsWindow.xib */,
				D9D8846726D1624B0091AFEA /* BatteryHeadsetView.swift */,
				D9D8846D26D2513E0091AFEA /* BatteryAirpodsView.swift */,
			);
			path = Views;
			sourceTree = "<group>";
		};
		EBC7AD672387DF6100A53E83 /* Resources */ = {
			isa = PBXGroup;
			children = (
				D9F95B6D268F23430066565A /* oui.txt */,
				EB8E8E33238DA65C00EBC5ED /* battery-airpods.sh */,
				EB925B5B23A8CCB500E8950C /* apple-devices-verification.sh */,
				D904C64B274BD309009856C5 /* battery-airpods-monterey.sh */,
			);
			path = Resources;
			sourceTree = "<group>";
		};
		EBC7AD682387E09200A53E83 /* Services */ = {
			isa = PBXGroup;
			children = (
				EB8CF6B023A2154900C59492 /* PrefsPersistanceManager.swift */,
				D9A98BBA26D259860035A142 /* PreferencesKeys.swift */,
			);
			path = Services;
			sourceTree = "<group>";
		};
		EBFE03AB23A374E0006095DB /* ViewModel */ = {
			isa = PBXGroup;
			children = (
				EBFE03AC23A374F0006095DB /* AirPodsBatteryViewModel.swift */,
				EB925B5D23A8D1F400E8950C /* BluetoothAirpodsBatteryManagementProtocol.swift */,
				D9F95B6A268F083A0066565A /* TransparencyModeViewModel.swift */,
			);
			path = ViewModel;
			sourceTree = "<group>";
		};
		EBFE03DA23A4AC52006095DB /* Utils */ = {
			isa = PBXGroup;
			children = (
				D9F95B70268F39BF0066565A /* Logger.swift */,
				EBFE03DB23A4AC62006095DB /* AlertUtil.swift */,
				D9F95B77268F40950066565A /* DeviceChecker.swift */,
				D99B875326A984A90036C56F /* DateUtil.swift */,
			);
			path = Utils;
			sourceTree = "<group>";
		};
/* End PBXGroup section */

/* Begin PBXNativeTarget section */
		D9F9FF77256838880086120E /* batteryWidgetExtension */ = {
			isa = PBXNativeTarget;
			buildConfigurationList = D9F9FF8A256838890086120E /* Build configuration list for PBXNativeTarget "batteryWidgetExtension" */;
			buildPhases = (
				D9F9FF74256838880086120E /* Sources */,
				D9F9FF75256838880086120E /* Frameworks */,
				D9F9FF76256838880086120E /* Resources */,
			);
			buildRules = (
			);
			dependencies = (
			);
			name = batteryWidgetExtension;
			productName = batteryWidgetExtension;
			productReference = D9F9FF78256838880086120E /* batteryWidgetExtension.appex */;
			productType = "com.apple.product-type.app-extension";
		};
		EBA1C26A23CE450E00B1BE68 /* Airpods Battery MonitorTests */ = {
			isa = PBXNativeTarget;
			buildConfigurationList = EBA1C27423CE450E00B1BE68 /* Build configuration list for PBXNativeTarget "Airpods Battery MonitorTests" */;
			buildPhases = (
				EBA1C26723CE450E00B1BE68 /* Sources */,
				EBA1C26823CE450E00B1BE68 /* Frameworks */,
				EBA1C26923CE450E00B1BE68 /* Resources */,
			);
			buildRules = (
			);
			dependencies = (
				EBA1C27123CE450E00B1BE68 /* PBXTargetDependency */,
			);
			name = "Airpods Battery MonitorTests";
			productName = "Airpods Battery MonitorTests";
			productReference = EBA1C26B23CE450E00B1BE68 /* Airpods Battery MonitorTests.xctest */;
			productType = "com.apple.product-type.bundle.unit-test";
		};
		EBC7AD3A2386769700A53E83 /* AirpodsPro Battery */ = {
			isa = PBXNativeTarget;
			buildConfigurationList = EBC7AD4B2386769900A53E83 /* Build configuration list for PBXNativeTarget "AirpodsPro Battery" */;
			buildPhases = (
				EBC7AD372386769700A53E83 /* Sources */,
				EBC7AD382386769700A53E83 /* Frameworks */,
				EBC7AD392386769700A53E83 /* Resources */,
				D9F9FF8D256838890086120E /* Embed Foundation Extensions */,
			);
			buildRules = (
			);
			dependencies = (
				D9F9FF88256838890086120E /* PBXTargetDependency */,
			);
			name = "AirpodsPro Battery";
			packageProductDependencies = (
				D98B79082A166FEF0078CA8B /* LoginServiceKit */,
			);
			productName = "AirpodsPro Battery";
			productReference = EBC7AD3B2386769700A53E83 /* Airpods Battery Monitor.app */;
			productType = "com.apple.product-type.application";
		};
/* End PBXNativeTarget section */

/* Begin PBXProject section */
		EBC7AD332386769700A53E83 /* Project object */ = {
			isa = PBXProject;
			attributes = {
				BuildIndependentTargetsInParallel = YES;
				LastSwiftUpdateCheck = 1220;
				LastUpgradeCheck = 1430;
				ORGANIZATIONNAME = "Mohamed Arradi";
				TargetAttributes = {
					D9F9FF77256838880086120E = {
						CreatedOnToolsVersion = 12.2;
						LastSwiftMigration = 1250;
					};
					EBA1C26A23CE450E00B1BE68 = {
						CreatedOnToolsVersion = 11.3;
						TestTargetID = EBC7AD3A2386769700A53E83;
					};
					EBC7AD3A2386769700A53E83 = {
						CreatedOnToolsVersion = 11.2.1;
						LastSwiftMigration = 1250;
					};
				};
			};
			buildConfigurationList = EBC7AD362386769700A53E83 /* Build configuration list for PBXProject "AirpodsPro Battery" */;
			compatibilityVersion = "Xcode 9.3";
			developmentRegion = en;
			hasScannedForEncodings = 0;
			knownRegions = (
				en,
				fr,
			);
			mainGroup = EBC7AD322386769700A53E83;
			packageReferences = (
				D98B79072A166FEF0078CA8B /* XCRemoteSwiftPackageReference "LoginServiceKit" */,
			);
			productRefGroup = EBC7AD3C2386769700A53E83 /* Products */;
			projectDirPath = "";
			projectRoot = "";
			targets = (
				EBC7AD3A2386769700A53E83 /* AirpodsPro Battery */,
				EBA1C26A23CE450E00B1BE68 /* Airpods Battery MonitorTests */,
				D9F9FF77256838880086120E /* batteryWidgetExtension */,
			);
		};
/* End PBXProject section */

/* Begin PBXResourcesBuildPhase section */
		D9F9FF76256838880086120E /* Resources */ = {
			isa = PBXResourcesBuildPhase;
			buildActionMask = 2147483647;
			files = (
				D9F95B6F268F23430066565A /* oui.txt in Resources */,
				D9F9FF82256838890086120E /* Assets.xcassets in Resources */,
			);
			runOnlyForDeploymentPostprocessing = 0;
		};
		EBA1C26923CE450E00B1BE68 /* Resources */ = {
			isa = PBXResourcesBuildPhase;
			buildActionMask = 2147483647;
			files = (
			);
			runOnlyForDeploymentPostprocessing = 0;
		};
		EBC7AD392386769700A53E83 /* Resources */ = {
			isa = PBXResourcesBuildPhase;
			buildActionMask = 2147483647;
			files = (
				D9F95B6E268F23430066565A /* oui.txt in Resources */,
				D99B875826A9DCA60036C56F /* PreferenceSettingsWindow.xib in Resources */,
				EB925B5C23A8CCB500E8950C /* apple-devices-verification.sh in Resources */,
				EB8E8E34238DA65C00EBC5ED /* battery-airpods.sh in Resources */,
				D94F607526D2A54A0086CF8E /* Assets.xcassets in Resources */,
				EBFE03AA23A3644B006095DB /* CreditsWindow.xib in Resources */,
				EBFE03A423A36339006095DB /* AboutWindow.xib in Resources */,
				EBC7AD432386769900A53E83 /* Assets.xcassets in Resources */,
				EBC7AD602387D71E00A53E83 /* Localizable.strings in Resources */,
				EBC7AD512386791E00A53E83 /* MainMenu.xib in Resources */,
				D904C64C274BD30A009856C5 /* battery-airpods-monterey.sh in Resources */,
			);
			runOnlyForDeploymentPostprocessing = 0;
		};
/* End PBXResourcesBuildPhase section */

/* Begin PBXSourcesBuildPhase section */
		D9F9FF74256838880086120E /* Sources */ = {
			isa = PBXSourcesBuildPhase;
			buildActionMask = 2147483647;
			files = (
				D9F9FF85256838890086120E /* batteryWidget.intentdefinition in Sources */,
				D9F9FF7F256838880086120E /* batteryWidget.swift in Sources */,
				D9F95B63268F070E0066565A /* fishhook.c in Sources */,
				D9A98BB126D255DC0035A142 /* AirpodsBatteryProvider.swift in Sources */,
				D9A98BB926D258140035A142 /* BatteryAirpodsWidgetEntryView.swift in Sources */,
				D9F95B61268F070E0066565A /* NCBTListeningModeController.swift in Sources */,
				D99B875026A8D1400036C56F /* PrefsPersistanceManager.swift in Sources */,
				D9F95B69268F070E0066565A /* NCListeningMode.swift in Sources */,
				D9A98BAE26D254080035A142 /* DeviceType.swift in Sources */,
				D957E014274E6658007F940C /* System+Extension.swift in Sources */,
				D9A98BBC26D259970035A142 /* PreferencesKeys.swift in Sources */,
				D9F95B67268F070E0066565A /* NCDevice.m in Sources */,
				D9F95B65268F070E0066565A /* NCAVListeningModeController.m in Sources */,
			);
			runOnlyForDeploymentPostprocessing = 0;
		};
		EBA1C26723CE450E00B1BE68 /* Sources */ = {
			isa = PBXSourcesBuildPhase;
			buildActionMask = 2147483647;
			files = (
				EBA1C26E23CE450E00B1BE68 /* Airpods_Battery_MonitorTests.swift in Sources */,
			);
			runOnlyForDeploymentPostprocessing = 0;
		};
		EBC7AD372386769700A53E83 /* Sources */ = {
			isa = PBXSourcesBuildPhase;
			buildActionMask = 2147483647;
			files = (
				D904C6472747AB94009856C5 /* NSScreen+Extension.swift in Sources */,
				EB925B5E23A8D1F400E8950C /* BluetoothAirpodsBatteryManagementProtocol.swift in Sources */,
				D9F95B71268F39BF0066565A /* Logger.swift in Sources */,
				EBFE03DC23A4AC62006095DB /* AlertUtil.swift in Sources */,
				D9D8846826D1624B0091AFEA /* BatteryHeadsetView.swift in Sources */,
				D9F95B62268F070E0066565A /* fishhook.c in Sources */,
				EBC7AD4F2386776000A53E83 /* String+Localized.swift in Sources */,
				D9D8846A26D24D4C0091AFEA /* AirpodsInfo.swift in Sources */,
				EBC7AD5923867D9400A53E83 /* JCGGProgressBar.swift in Sources */,
				D99B875426A984A90036C56F /* DateUtil.swift in Sources */,
				EB8E8E38238DBDD800EBC5ED /* BashExecutor.swift in Sources */,
				D9A98BAC26D253EF0035A142 /* DeviceType.swift in Sources */,
				EBC7AD412386769700A53E83 /* StatusMenuController.swift in Sources */,
				D9F95B76268F3B6F0066565A /* AppleScriptExecutor.swift in Sources */,
				D957E013274E6658007F940C /* System+Extension.swift in Sources */,
				EBFE03A823A36401006095DB /* CreditsWindow.swift in Sources */,
				D9F95B64268F070E0066565A /* NCAVListeningModeController.m in Sources */,
				D9F95B78268F40950066565A /* DeviceChecker.swift in Sources */,
				D9D8846E26D2513E0091AFEA /* BatteryAirpodsView.swift in Sources */,
				EBC7AD5323867CF400A53E83 /* BatteryView.swift in Sources */,
				EB5874E5239E19F7005C6E04 /* ScriptsHandler.swift in Sources */,
				D9F95B68268F070E0066565A /* NCListeningMode.swift in Sources */,
				EB8CF6B123A2154900C59492 /* PrefsPersistanceManager.swift in Sources */,
				D99B875626A9DC910036C56F /* PreferenceSettingsWindow.swift in Sources */,
				EBFE03AD23A374F0006095DB /* AirPodsBatteryViewModel.swift in Sources */,
				D9F95B66268F070E0066565A /* NCDevice.m in Sources */,
				D9F95B6B268F083A0066565A /* TransparencyModeViewModel.swift in Sources */,
				D9F95B60268F070E0066565A /* NCBTListeningModeController.swift in Sources */,
				D9D8846C26D24D6E0091AFEA /* HeadsetInfo.swift in Sources */,
				EBC7AD3F2386769700A53E83 /* AppDelegate.swift in Sources */,
				EBFE03A323A36339006095DB /* AboutWindow.swift in Sources */,
				EBFE03A623A36356006095DB /* Bundle+Versioning.swift in Sources */,
				D9A98BBB26D259860035A142 /* PreferencesKeys.swift in Sources */,
				D9F9FF86256838890086120E /* batteryWidget.intentdefinition in Sources */,
			);
			runOnlyForDeploymentPostprocessing = 0;
		};
/* End PBXSourcesBuildPhase section */

/* Begin PBXTargetDependency section */
		D9F9FF88256838890086120E /* PBXTargetDependency */ = {
			isa = PBXTargetDependency;
			target = D9F9FF77256838880086120E /* batteryWidgetExtension */;
			targetProxy = D9F9FF87256838890086120E /* PBXContainerItemProxy */;
		};
		EBA1C27123CE450E00B1BE68 /* PBXTargetDependency */ = {
			isa = PBXTargetDependency;
			target = EBC7AD3A2386769700A53E83 /* AirpodsPro Battery */;
			targetProxy = EBA1C27023CE450E00B1BE68 /* PBXContainerItemProxy */;
		};
/* End PBXTargetDependency section */

/* Begin PBXVariantGroup section */
		EBC7AD622387D71E00A53E83 /* Localizable.strings */ = {
			isa = PBXVariantGroup;
			children = (
				EBC7AD612387D71E00A53E83 /* en */,
				EBF6CCEE23B80F7200E82B2C /* fr */,
			);
			name = Localizable.strings;
			sourceTree = "<group>";
		};
/* End PBXVariantGroup section */

/* Begin XCBuildConfiguration section */
		D9F9FF8B256838890086120E /* Debug */ = {
			isa = XCBuildConfiguration;
			buildSettings = {
				ASSETCATALOG_COMPILER_APPICON_NAME = AppIcon;
				ASSETCATALOG_COMPILER_GLOBAL_ACCENT_COLOR_NAME = AccentColor;
				ASSETCATALOG_COMPILER_WIDGET_BACKGROUND_COLOR_NAME = WidgetBackground;
				CLANG_ENABLE_MODULES = YES;
				CLANG_WARN_QUOTED_INCLUDE_IN_FRAMEWORK_HEADER = YES;
				CODE_SIGN_ENTITLEMENTS = batteryWidget/batteryWidget.entitlements;
				CODE_SIGN_IDENTITY = "Apple Development";
				CODE_SIGN_STYLE = Automatic;
				CURRENT_PROJECT_VERSION = 0;
				DEAD_CODE_STRIPPING = YES;
				DEVELOPMENT_TEAM = 8JVK53ZY4C;
				ENABLE_HARDENED_RUNTIME = YES;
				INFOPLIST_FILE = batteryWidget/Info.plist;
				LD_RUNPATH_SEARCH_PATHS = (
					"$(inherited)",
					"@executable_path/../Frameworks",
					"@executable_path/../../../../Frameworks",
				);
				MACOSX_DEPLOYMENT_TARGET = 13.5;
				MARKETING_VERSION = 2.2.6;
				PRODUCT_BUNDLE_IDENTIFIER = "com.mac.AirpodsPro-Battery.batteryWidget";
				PRODUCT_NAME = "$(TARGET_NAME)";
				SKIP_INSTALL = YES;
				SWIFT_OBJC_BRIDGING_HEADER = "AirpodsPro Battery/External/TransparencyCore/batteryWidgetExtension-Bridging-Header.h";
				SWIFT_OPTIMIZATION_LEVEL = "-Onone";
				SWIFT_VERSION = 5.0;
			};
			name = Debug;
		};
		D9F9FF8C256838890086120E /* Release */ = {
			isa = XCBuildConfiguration;
			buildSettings = {
				ASSETCATALOG_COMPILER_APPICON_NAME = AppIcon;
				ASSETCATALOG_COMPILER_GLOBAL_ACCENT_COLOR_NAME = AccentColor;
				ASSETCATALOG_COMPILER_WIDGET_BACKGROUND_COLOR_NAME = WidgetBackground;
				CLANG_ENABLE_MODULES = YES;
				CLANG_WARN_QUOTED_INCLUDE_IN_FRAMEWORK_HEADER = YES;
				CODE_SIGN_ENTITLEMENTS = batteryWidget/batteryWidget.entitlements;
				CODE_SIGN_IDENTITY = "Apple Development";
				CODE_SIGN_STYLE = Automatic;
				CURRENT_PROJECT_VERSION = 0;
				DEAD_CODE_STRIPPING = YES;
				DEVELOPMENT_TEAM = 8JVK53ZY4C;
				ENABLE_HARDENED_RUNTIME = YES;
				INFOPLIST_FILE = batteryWidget/Info.plist;
				LD_RUNPATH_SEARCH_PATHS = (
					"$(inherited)",
					"@executable_path/../Frameworks",
					"@executable_path/../../../../Frameworks",
				);
				MACOSX_DEPLOYMENT_TARGET = 13.5;
				MARKETING_VERSION = 2.2.6;
				PRODUCT_BUNDLE_IDENTIFIER = "com.mac.AirpodsPro-Battery.batteryWidget";
				PRODUCT_NAME = "$(TARGET_NAME)";
				SKIP_INSTALL = YES;
				SWIFT_OBJC_BRIDGING_HEADER = "AirpodsPro Battery/External/TransparencyCore/batteryWidgetExtension-Bridging-Header.h";
				SWIFT_VERSION = 5.0;
			};
			name = Release;
		};
		EBA1C27223CE450E00B1BE68 /* Debug */ = {
			isa = XCBuildConfiguration;
			buildSettings = {
				BUNDLE_LOADER = "$(TEST_HOST)";
				CODE_SIGN_STYLE = Automatic;
				COMBINE_HIDPI_IMAGES = YES;
				DEAD_CODE_STRIPPING = YES;
				DEVELOPMENT_TEAM = 8JVK53ZY4C;
				INFOPLIST_FILE = "Airpods Battery MonitorTests/Info.plist";
				LD_RUNPATH_SEARCH_PATHS = (
					"$(inherited)",
					"@executable_path/../Frameworks",
					"@loader_path/../Frameworks",
				);
				MACOSX_DEPLOYMENT_TARGET = 10.15;
				PRODUCT_BUNDLE_IDENTIFIER = "com.mac.Airpods-Battery-MonitorTests";
				PRODUCT_NAME = "$(TARGET_NAME)";
				SWIFT_VERSION = 5.0;
				TEST_HOST = "$(BUILT_PRODUCTS_DIR)/Airpods Battery Monitor.app/Contents/MacOS/Airpods Battery Monitor";
			};
			name = Debug;
		};
		EBA1C27323CE450E00B1BE68 /* Release */ = {
			isa = XCBuildConfiguration;
			buildSettings = {
				BUNDLE_LOADER = "$(TEST_HOST)";
				CODE_SIGN_STYLE = Automatic;
				COMBINE_HIDPI_IMAGES = YES;
				DEAD_CODE_STRIPPING = YES;
				DEVELOPMENT_TEAM = 8JVK53ZY4C;
				INFOPLIST_FILE = "Airpods Battery MonitorTests/Info.plist";
				LD_RUNPATH_SEARCH_PATHS = (
					"$(inherited)",
					"@executable_path/../Frameworks",
					"@loader_path/../Frameworks",
				);
				MACOSX_DEPLOYMENT_TARGET = 10.15;
				PRODUCT_BUNDLE_IDENTIFIER = "com.mac.Airpods-Battery-MonitorTests";
				PRODUCT_NAME = "$(TARGET_NAME)";
				SWIFT_VERSION = 5.0;
				TEST_HOST = "$(BUILT_PRODUCTS_DIR)/Airpods Battery Monitor.app/Contents/MacOS/Airpods Battery Monitor";
			};
			name = Release;
		};
		EBC7AD492386769900A53E83 /* Debug */ = {
			isa = XCBuildConfiguration;
			buildSettings = {
				ALWAYS_SEARCH_USER_PATHS = NO;
				CLANG_ANALYZER_LOCALIZABILITY_NONLOCALIZED = YES;
				CLANG_ANALYZER_NONNULL = YES;
				CLANG_ANALYZER_NUMBER_OBJECT_CONVERSION = YES_AGGRESSIVE;
				CLANG_CXX_LANGUAGE_STANDARD = "gnu++14";
				CLANG_CXX_LIBRARY = "libc++";
				CLANG_ENABLE_MODULES = YES;
				CLANG_ENABLE_OBJC_ARC = YES;
				CLANG_ENABLE_OBJC_WEAK = YES;
				CLANG_WARN_BLOCK_CAPTURE_AUTORELEASING = YES;
				CLANG_WARN_BOOL_CONVERSION = YES;
				CLANG_WARN_COMMA = YES;
				CLANG_WARN_CONSTANT_CONVERSION = YES;
				CLANG_WARN_DEPRECATED_OBJC_IMPLEMENTATIONS = YES;
				CLANG_WARN_DIRECT_OBJC_ISA_USAGE = YES_ERROR;
				CLANG_WARN_DOCUMENTATION_COMMENTS = YES;
				CLANG_WARN_EMPTY_BODY = YES;
				CLANG_WARN_ENUM_CONVERSION = YES;
				CLANG_WARN_INFINITE_RECURSION = YES;
				CLANG_WARN_INT_CONVERSION = YES;
				CLANG_WARN_NON_LITERAL_NULL_CONVERSION = YES;
				CLANG_WARN_OBJC_IMPLICIT_RETAIN_SELF = YES;
				CLANG_WARN_OBJC_LITERAL_CONVERSION = YES;
				CLANG_WARN_OBJC_ROOT_CLASS = YES_ERROR;
				CLANG_WARN_QUOTED_INCLUDE_IN_FRAMEWORK_HEADER = YES;
				CLANG_WARN_RANGE_LOOP_ANALYSIS = YES;
				CLANG_WARN_STRICT_PROTOTYPES = YES;
				CLANG_WARN_SUSPICIOUS_MOVE = YES;
				CLANG_WARN_UNGUARDED_AVAILABILITY = YES_AGGRESSIVE;
				CLANG_WARN_UNREACHABLE_CODE = YES;
				CLANG_WARN__DUPLICATE_METHOD_MATCH = YES;
				COPY_PHASE_STRIP = NO;
				DEAD_CODE_STRIPPING = YES;
				DEBUG_INFORMATION_FORMAT = dwarf;
				ENABLE_STRICT_OBJC_MSGSEND = YES;
				ENABLE_TESTABILITY = YES;
				GCC_C_LANGUAGE_STANDARD = gnu11;
				GCC_DYNAMIC_NO_PIC = NO;
				GCC_NO_COMMON_BLOCKS = YES;
				GCC_OPTIMIZATION_LEVEL = 0;
				GCC_PREPROCESSOR_DEFINITIONS = (
					"DEBUG=1",
					"$(inherited)",
				);
				GCC_WARN_64_TO_32_BIT_CONVERSION = YES;
				GCC_WARN_ABOUT_RETURN_TYPE = YES_ERROR;
				GCC_WARN_UNDECLARED_SELECTOR = YES;
				GCC_WARN_UNINITIALIZED_AUTOS = YES_AGGRESSIVE;
				GCC_WARN_UNUSED_FUNCTION = YES;
				GCC_WARN_UNUSED_VARIABLE = YES;
				MACOSX_DEPLOYMENT_TARGET = 12.0;
				MTL_ENABLE_DEBUG_INFO = INCLUDE_SOURCE;
				MTL_FAST_MATH = YES;
				ONLY_ACTIVE_ARCH = YES;
				PRODUCT_NAME = "Airpods Battery Monitor";
				SDKROOT = macosx;
				SWIFT_ACTIVE_COMPILATION_CONDITIONS = DEBUG;
				SWIFT_OPTIMIZATION_LEVEL = "-Onone";
			};
			name = Debug;
		};
		EBC7AD4A2386769900A53E83 /* Release */ = {
			isa = XCBuildConfiguration;
			buildSettings = {
				ALWAYS_SEARCH_USER_PATHS = NO;
				CLANG_ANALYZER_LOCALIZABILITY_NONLOCALIZED = YES;
				CLANG_ANALYZER_NONNULL = YES;
				CLANG_ANALYZER_NUMBER_OBJECT_CONVERSION = YES_AGGRESSIVE;
				CLANG_CXX_LANGUAGE_STANDARD = "gnu++14";
				CLANG_CXX_LIBRARY = "libc++";
				CLANG_ENABLE_MODULES = YES;
				CLANG_ENABLE_OBJC_ARC = YES;
				CLANG_ENABLE_OBJC_WEAK = YES;
				CLANG_WARN_BLOCK_CAPTURE_AUTORELEASING = YES;
				CLANG_WARN_BOOL_CONVERSION = YES;
				CLANG_WARN_COMMA = YES;
				CLANG_WARN_CONSTANT_CONVERSION = YES;
				CLANG_WARN_DEPRECATED_OBJC_IMPLEMENTATIONS = YES;
				CLANG_WARN_DIRECT_OBJC_ISA_USAGE = YES_ERROR;
				CLANG_WARN_DOCUMENTATION_COMMENTS = YES;
				CLANG_WARN_EMPTY_BODY = YES;
				CLANG_WARN_ENUM_CONVERSION = YES;
				CLANG_WARN_INFINITE_RECURSION = YES;
				CLANG_WARN_INT_CONVERSION = YES;
				CLANG_WARN_NON_LITERAL_NULL_CONVERSION = YES;
				CLANG_WARN_OBJC_IMPLICIT_RETAIN_SELF = YES;
				CLANG_WARN_OBJC_LITERAL_CONVERSION = YES;
				CLANG_WARN_OBJC_ROOT_CLASS = YES_ERROR;
				CLANG_WARN_QUOTED_INCLUDE_IN_FRAMEWORK_HEADER = YES;
				CLANG_WARN_RANGE_LOOP_ANALYSIS = YES;
				CLANG_WARN_STRICT_PROTOTYPES = YES;
				CLANG_WARN_SUSPICIOUS_MOVE = YES;
				CLANG_WARN_UNGUARDED_AVAILABILITY = YES_AGGRESSIVE;
				CLANG_WARN_UNREACHABLE_CODE = YES;
				CLANG_WARN__DUPLICATE_METHOD_MATCH = YES;
				COPY_PHASE_STRIP = NO;
				DEAD_CODE_STRIPPING = YES;
				DEBUG_INFORMATION_FORMAT = "dwarf-with-dsym";
				ENABLE_NS_ASSERTIONS = NO;
				ENABLE_STRICT_OBJC_MSGSEND = YES;
				GCC_C_LANGUAGE_STANDARD = gnu11;
				GCC_NO_COMMON_BLOCKS = YES;
				GCC_WARN_64_TO_32_BIT_CONVERSION = YES;
				GCC_WARN_ABOUT_RETURN_TYPE = YES_ERROR;
				GCC_WARN_UNDECLARED_SELECTOR = YES;
				GCC_WARN_UNINITIALIZED_AUTOS = YES_AGGRESSIVE;
				GCC_WARN_UNUSED_FUNCTION = YES;
				GCC_WARN_UNUSED_VARIABLE = YES;
				MACOSX_DEPLOYMENT_TARGET = 12.0;
				MTL_ENABLE_DEBUG_INFO = NO;
				MTL_FAST_MATH = YES;
				PRODUCT_NAME = "Airpods Battery Monitor";
				SDKROOT = macosx;
				SWIFT_COMPILATION_MODE = wholemodule;
				SWIFT_OPTIMIZATION_LEVEL = "-O";
			};
			name = Release;
		};
		EBC7AD4C2386769900A53E83 /* Debug */ = {
			isa = XCBuildConfiguration;
			buildSettings = {
				ALWAYS_EMBED_SWIFT_STANDARD_LIBRARIES = YES;
				ASSETCATALOG_COMPILER_APPICON_NAME = AppIcon;
				CLANG_ENABLE_MODULES = YES;
				CODE_SIGN_ENTITLEMENTS = "AirpodsPro Battery/AirpodsPro_Battery.entitlements";
				CODE_SIGN_IDENTITY = "Apple Development";
				CODE_SIGN_STYLE = Automatic;
				COMBINE_HIDPI_IMAGES = YES;
				CURRENT_PROJECT_VERSION = 1;
				DEAD_CODE_STRIPPING = YES;
				DEVELOPMENT_TEAM = 8JVK53ZY4C;
				ENABLE_HARDENED_RUNTIME = YES;
				INFOPLIST_FILE = "AirpodsPro Battery/Info.plist";
				INFOPLIST_KEY_LSApplicationCategoryType = "public.app-category.productivity";
				LD_RUNPATH_SEARCH_PATHS = (
					"$(inherited)",
					"@executable_path/../Frameworks",
				);
				MACOSX_DEPLOYMENT_TARGET = 13.5;
				MARKETING_VERSION = 2.2.7;
				PRODUCT_BUNDLE_IDENTIFIER = "com.mac.AirpodsPro-Battery";
				PRODUCT_NAME = "Airpods Battery Monitor";
				SWIFT_OBJC_BRIDGING_HEADER = "AirpodsPro Battery/External/TransparencyCore/AirpodsPro Battery-Bridging-Header.h";
				SWIFT_OPTIMIZATION_LEVEL = "-Onone";
				SWIFT_VERSION = 5.0;
			};
			name = Debug;
		};
		EBC7AD4D2386769900A53E83 /* Release */ = {
			isa = XCBuildConfiguration;
			buildSettings = {
				ALWAYS_EMBED_SWIFT_STANDARD_LIBRARIES = YES;
				ASSETCATALOG_COMPILER_APPICON_NAME = AppIcon;
				CLANG_ENABLE_MODULES = YES;
				CODE_SIGN_ENTITLEMENTS = "AirpodsPro Battery/AirpodsPro_Battery.entitlements";
				CODE_SIGN_IDENTITY = "Apple Development";
				CODE_SIGN_STYLE = Automatic;
				COMBINE_HIDPI_IMAGES = YES;
				CURRENT_PROJECT_VERSION = 1;
				DEAD_CODE_STRIPPING = YES;
				DEVELOPMENT_TEAM = 8JVK53ZY4C;
				ENABLE_HARDENED_RUNTIME = YES;
				INFOPLIST_FILE = "AirpodsPro Battery/Info.plist";
				INFOPLIST_KEY_LSApplicationCategoryType = "public.app-category.productivity";
				LD_RUNPATH_SEARCH_PATHS = (
					"$(inherited)",
					"@executable_path/../Frameworks",
				);
				MACOSX_DEPLOYMENT_TARGET = 13.5;
				MARKETING_VERSION = 2.2.7;
				PRODUCT_BUNDLE_IDENTIFIER = "com.mac.AirpodsPro-Battery";
				PRODUCT_NAME = "Airpods Battery Monitor";
				SWIFT_OBJC_BRIDGING_HEADER = "AirpodsPro Battery/External/TransparencyCore/AirpodsPro Battery-Bridging-Header.h";
				SWIFT_VERSION = 5.0;
			};
			name = Release;
		};
/* End XCBuildConfiguration section */

/* Begin XCConfigurationList section */
		D9F9FF8A256838890086120E /* Build configuration list for PBXNativeTarget "batteryWidgetExtension" */ = {
			isa = XCConfigurationList;
			buildConfigurations = (
				D9F9FF8B256838890086120E /* Debug */,
				D9F9FF8C256838890086120E /* Release */,
			);
			defaultConfigurationIsVisible = 0;
			defaultConfigurationName = Release;
		};
		EBA1C27423CE450E00B1BE68 /* Build configuration list for PBXNativeTarget "Airpods Battery MonitorTests" */ = {
			isa = XCConfigurationList;
			buildConfigurations = (
				EBA1C27223CE450E00B1BE68 /* Debug */,
				EBA1C27323CE450E00B1BE68 /* Release */,
			);
			defaultConfigurationIsVisible = 0;
			defaultConfigurationName = Release;
		};
		EBC7AD362386769700A53E83 /* Build configuration list for PBXProject "AirpodsPro Battery" */ = {
			isa = XCConfigurationList;
			buildConfigurations = (
				EBC7AD492386769900A53E83 /* Debug */,
				EBC7AD4A2386769900A53E83 /* Release */,
			);
			defaultConfigurationIsVisible = 0;
			defaultConfigurationName = Release;
		};
		EBC7AD4B2386769900A53E83 /* Build configuration list for PBXNativeTarget "AirpodsPro Battery" */ = {
			isa = XCConfigurationList;
			buildConfigurations = (
				EBC7AD4C2386769900A53E83 /* Debug */,
				EBC7AD4D2386769900A53E83 /* Release */,
			);
			defaultConfigurationIsVisible = 0;
			defaultConfigurationName = Release;
		};
/* End XCConfigurationList section */

/* Begin XCRemoteSwiftPackageReference section */
		D98B79072A166FEF0078CA8B /* XCRemoteSwiftPackageReference "LoginServiceKit" */ = {
			isa = XCRemoteSwiftPackageReference;
			repositoryURL = "https://github.com/Clipy/LoginServiceKit";
			requirement = {
				branch = master;
				kind = branch;
			};
		};
/* End XCRemoteSwiftPackageReference section */

/* Begin XCSwiftPackageProductDependency section */
		D98B79082A166FEF0078CA8B /* LoginServiceKit */ = {
			isa = XCSwiftPackageProductDependency;
			package = D98B79072A166FEF0078CA8B /* XCRemoteSwiftPackageReference "LoginServiceKit" */;
			productName = LoginServiceKit;
		};
/* End XCSwiftPackageProductDependency section */
	};
	rootObject = EBC7AD332386769700A53E83 /* Project object */;
}
